// !$*UTF8*$!
{
	archiveVersion = 1;
	classes = {
	};
	objectVersion = 46;
	objects = {

/* Begin PBXBuildFile section */
		112C599318ED0DFC00AD2C8A /* Foundation.framework in Frameworks */ = {isa = PBXBuildFile; fileRef = 112C599218ED0DFC00AD2C8A /* Foundation.framework */; };
		112C599518ED0DFC00AD2C8A /* CoreGraphics.framework in Frameworks */ = {isa = PBXBuildFile; fileRef = 112C599418ED0DFC00AD2C8A /* CoreGraphics.framework */; };
		112C599718ED0DFC00AD2C8A /* UIKit.framework in Frameworks */ = {isa = PBXBuildFile; fileRef = 112C599618ED0DFC00AD2C8A /* UIKit.framework */; };
		112C599D18ED0DFC00AD2C8A /* InfoPlist.strings in Resources */ = {isa = PBXBuildFile; fileRef = 112C599B18ED0DFC00AD2C8A /* InfoPlist.strings */; };
		112C599F18ED0DFC00AD2C8A /* main.m in Sources */ = {isa = PBXBuildFile; fileRef = 112C599E18ED0DFC00AD2C8A /* main.m */; };
		112C59A318ED0DFC00AD2C8A /* AppDelegate.m in Sources */ = {isa = PBXBuildFile; fileRef = 112C59A218ED0DFC00AD2C8A /* AppDelegate.m */; };
		112C59AC18ED0DFC00AD2C8A /* XCTest.framework in Frameworks */ = {isa = PBXBuildFile; fileRef = 112C59AB18ED0DFC00AD2C8A /* XCTest.framework */; };
		112C59AD18ED0DFD00AD2C8A /* Foundation.framework in Frameworks */ = {isa = PBXBuildFile; fileRef = 112C599218ED0DFC00AD2C8A /* Foundation.framework */; };
		112C59AE18ED0DFD00AD2C8A /* UIKit.framework in Frameworks */ = {isa = PBXBuildFile; fileRef = 112C599618ED0DFC00AD2C8A /* UIKit.framework */; };
		112C59B618ED0DFD00AD2C8A /* InfoPlist.strings in Resources */ = {isa = PBXBuildFile; fileRef = 112C59B418ED0DFD00AD2C8A /* InfoPlist.strings */; };
		112C59B818ED0DFD00AD2C8A /* SinaweiboDemoTests.m in Sources */ = {isa = PBXBuildFile; fileRef = 112C59B718ED0DFD00AD2C8A /* SinaweiboDemoTests.m */; };
		51CB83231B4CBA6B00962A6F /* AFHTTPRequestOperation.m in Sources */ = {isa = PBXBuildFile; fileRef = 51CB82D41B4CBA6B00962A6F /* AFHTTPRequestOperation.m */; };
		51CB83241B4CBA6B00962A6F /* AFHTTPRequestOperationManager.m in Sources */ = {isa = PBXBuildFile; fileRef = 51CB82D61B4CBA6B00962A6F /* AFHTTPRequestOperationManager.m */; };
		51CB83251B4CBA6B00962A6F /* AFHTTPSessionManager.m in Sources */ = {isa = PBXBuildFile; fileRef = 51CB82D81B4CBA6B00962A6F /* AFHTTPSessionManager.m */; };
		51CB83261B4CBA6B00962A6F /* AFNetworkReachabilityManager.m in Sources */ = {isa = PBXBuildFile; fileRef = 51CB82DB1B4CBA6B00962A6F /* AFNetworkReachabilityManager.m */; };
		51CB83271B4CBA6B00962A6F /* AFSecurityPolicy.m in Sources */ = {isa = PBXBuildFile; fileRef = 51CB82DD1B4CBA6B00962A6F /* AFSecurityPolicy.m */; };
		51CB83281B4CBA6B00962A6F /* AFURLConnectionOperation.m in Sources */ = {isa = PBXBuildFile; fileRef = 51CB82DF1B4CBA6B00962A6F /* AFURLConnectionOperation.m */; };
		51CB83291B4CBA6B00962A6F /* AFURLRequestSerialization.m in Sources */ = {isa = PBXBuildFile; fileRef = 51CB82E11B4CBA6B00962A6F /* AFURLRequestSerialization.m */; };
		51CB832A1B4CBA6B00962A6F /* AFURLResponseSerialization.m in Sources */ = {isa = PBXBuildFile; fileRef = 51CB82E31B4CBA6B00962A6F /* AFURLResponseSerialization.m */; };
		51CB832B1B4CBA6B00962A6F /* AFURLSessionManager.m in Sources */ = {isa = PBXBuildFile; fileRef = 51CB82E51B4CBA6B00962A6F /* AFURLSessionManager.m */; };
		51CB832C1B4CBA6B00962A6F /* AFNetworkActivityIndicatorManager.m in Sources */ = {isa = PBXBuildFile; fileRef = 51CB82E81B4CBA6B00962A6F /* AFNetworkActivityIndicatorManager.m */; };
		51CB832D1B4CBA6B00962A6F /* UIActivityIndicatorView+AFNetworking.m in Sources */ = {isa = PBXBuildFile; fileRef = 51CB82EA1B4CBA6B00962A6F /* UIActivityIndicatorView+AFNetworking.m */; };
		51CB832E1B4CBA6B00962A6F /* UIAlertView+AFNetworking.m in Sources */ = {isa = PBXBuildFile; fileRef = 51CB82EC1B4CBA6B00962A6F /* UIAlertView+AFNetworking.m */; };
		51CB832F1B4CBA6B00962A6F /* UIButton+AFNetworking.m in Sources */ = {isa = PBXBuildFile; fileRef = 51CB82EE1B4CBA6B00962A6F /* UIButton+AFNetworking.m */; };
		51CB83301B4CBA6B00962A6F /* UIImageView+AFNetworking.m in Sources */ = {isa = PBXBuildFile; fileRef = 51CB82F01B4CBA6B00962A6F /* UIImageView+AFNetworking.m */; };
		51CB83311B4CBA6B00962A6F /* UIProgressView+AFNetworking.m in Sources */ = {isa = PBXBuildFile; fileRef = 51CB82F31B4CBA6B00962A6F /* UIProgressView+AFNetworking.m */; };
		51CB83321B4CBA6B00962A6F /* UIRefreshControl+AFNetworking.m in Sources */ = {isa = PBXBuildFile; fileRef = 51CB82F51B4CBA6B00962A6F /* UIRefreshControl+AFNetworking.m */; };
		51CB83331B4CBA6B00962A6F /* UIWebView+AFNetworking.m in Sources */ = {isa = PBXBuildFile; fileRef = 51CB82F71B4CBA6B00962A6F /* UIWebView+AFNetworking.m */; };
		51CB83341B4CBA6B00962A6F /* FMDatabase.m in Sources */ = {isa = PBXBuildFile; fileRef = 51CB82FA1B4CBA6B00962A6F /* FMDatabase.m */; };
		51CB83351B4CBA6B00962A6F /* FMDatabaseAdditions.m in Sources */ = {isa = PBXBuildFile; fileRef = 51CB82FC1B4CBA6B00962A6F /* FMDatabaseAdditions.m */; };
		51CB83361B4CBA6B00962A6F /* FMDatabasePool.m in Sources */ = {isa = PBXBuildFile; fileRef = 51CB82FE1B4CBA6B00962A6F /* FMDatabasePool.m */; };
		51CB83371B4CBA6B00962A6F /* FMDatabaseQueue.m in Sources */ = {isa = PBXBuildFile; fileRef = 51CB83001B4CBA6B00962A6F /* FMDatabaseQueue.m */; };
		51CB83381B4CBA6B00962A6F /* FMResultSet.m in Sources */ = {isa = PBXBuildFile; fileRef = 51CB83031B4CBA6B00962A6F /* FMResultSet.m */; };
		51CB83391B4CBA6B00962A6F /* JSONKit.m in Sources */ = {isa = PBXBuildFile; fileRef = 51CB83061B4CBA6B00962A6F /* JSONKit.m */; settings = {COMPILER_FLAGS = "-fno-objc-arc"; }; };
		51CB833A1B4CBA6B00962A6F /* MBProgressHUD.m in Sources */ = {isa = PBXBuildFile; fileRef = 51CB83091B4CBA6B00962A6F /* MBProgressHUD.m */; };
		51CB833B1B4CBA6B00962A6F /* MJRefresh.bundle in Resources */ = {isa = PBXBuildFile; fileRef = 51CB830B1B4CBA6B00962A6F /* MJRefresh.bundle */; };
		51CB833C1B4CBA6B00962A6F /* MJRefreshComponent.m in Sources */ = {isa = PBXBuildFile; fileRef = 51CB830E1B4CBA6B00962A6F /* MJRefreshComponent.m */; };
		51CB833D1B4CBA6B00962A6F /* MJRefreshConst.m in Sources */ = {isa = PBXBuildFile; fileRef = 51CB83101B4CBA6B00962A6F /* MJRefreshConst.m */; };
		51CB833E1B4CBA6B00962A6F /* MJRefreshFooter.m in Sources */ = {isa = PBXBuildFile; fileRef = 51CB83121B4CBA6B00962A6F /* MJRefreshFooter.m */; };
		51CB833F1B4CBA6B00962A6F /* MJRefreshGifFooter.m in Sources */ = {isa = PBXBuildFile; fileRef = 51CB83141B4CBA6B00962A6F /* MJRefreshGifFooter.m */; };
		51CB83401B4CBA6B00962A6F /* MJRefreshGifHeader.m in Sources */ = {isa = PBXBuildFile; fileRef = 51CB83161B4CBA6B00962A6F /* MJRefreshGifHeader.m */; };
		51CB83411B4CBA6B00962A6F /* MJRefreshHeader.m in Sources */ = {isa = PBXBuildFile; fileRef = 51CB83181B4CBA6B00962A6F /* MJRefreshHeader.m */; };
		51CB83421B4CBA6B00962A6F /* MJRefreshLegendFooter.m in Sources */ = {isa = PBXBuildFile; fileRef = 51CB831A1B4CBA6B00962A6F /* MJRefreshLegendFooter.m */; };
		51CB83431B4CBA6B00962A6F /* MJRefreshLegendHeader.m in Sources */ = {isa = PBXBuildFile; fileRef = 51CB831C1B4CBA6B00962A6F /* MJRefreshLegendHeader.m */; };
		51CB83441B4CBA6B00962A6F /* UIScrollView+MJExtension.m in Sources */ = {isa = PBXBuildFile; fileRef = 51CB831E1B4CBA6B00962A6F /* UIScrollView+MJExtension.m */; };
		51CB83451B4CBA6B00962A6F /* UIScrollView+MJRefresh.m in Sources */ = {isa = PBXBuildFile; fileRef = 51CB83201B4CBA6B00962A6F /* UIScrollView+MJRefresh.m */; };
		51CB83461B4CBA6B00962A6F /* UIView+MJExtension.m in Sources */ = {isa = PBXBuildFile; fileRef = 51CB83221B4CBA6B00962A6F /* UIView+MJExtension.m */; };
		51CB834C1B4CBA9700962A6F /* BaseService.m in Sources */ = {isa = PBXBuildFile; fileRef = 51CB83491B4CBA9700962A6F /* BaseService.m */; };
		51CB834D1B4CBA9700962A6F /* URRequest.m in Sources */ = {isa = PBXBuildFile; fileRef = 51CB834B1B4CBA9700962A6F /* URRequest.m */; };
		51CB83651B4CBACE00962A6F /* NSDictionary+Extend.m in Sources */ = {isa = PBXBuildFile; fileRef = 51CB83501B4CBACE00962A6F /* NSDictionary+Extend.m */; };
		51CB83661B4CBACE00962A6F /* NSMutableAttributedString+Extend.m in Sources */ = {isa = PBXBuildFile; fileRef = 51CB83521B4CBACE00962A6F /* NSMutableAttributedString+Extend.m */; };
		51CB83671B4CBACE00962A6F /* NSMutableDictionary+Extend.m in Sources */ = {isa = PBXBuildFile; fileRef = 51CB83541B4CBACE00962A6F /* NSMutableDictionary+Extend.m */; };
		51CB83681B4CBACE00962A6F /* NSString+Expand.m in Sources */ = {isa = PBXBuildFile; fileRef = 51CB83561B4CBACE00962A6F /* NSString+Expand.m */; };
		51CB83691B4CBACE00962A6F /* UIColor+Expand.m in Sources */ = {isa = PBXBuildFile; fileRef = 51CB83581B4CBACE00962A6F /* UIColor+Expand.m */; };
		51CB836A1B4CBACE00962A6F /* UIImageView+Extend.m in Sources */ = {isa = PBXBuildFile; fileRef = 51CB835A1B4CBACE00962A6F /* UIImageView+Extend.m */; };
		51CB836B1B4CBACE00962A6F /* UIView+Expand.m in Sources */ = {isa = PBXBuildFile; fileRef = 51CB835C1B4CBACE00962A6F /* UIView+Expand.m */; };
		51CB836C1B4CBACE00962A6F /* SystemSetting.m in Sources */ = {isa = PBXBuildFile; fileRef = 51CB83621B4CBACE00962A6F /* SystemSetting.m */; };
		51CB83701B4CBB1D00962A6F /* Reachability.m in Sources */ = {isa = PBXBuildFile; fileRef = 51CB836F1B4CBB1D00962A6F /* Reachability.m */; settings = {COMPILER_FLAGS = "-fno-objc-arc"; }; };
		51CB83751B4CBC2C00962A6F /* GTMBase64.m in Sources */ = {isa = PBXBuildFile; fileRef = 51CB83731B4CBC2C00962A6F /* GTMBase64.m */; };
		51CB83771B4CBCDD00962A6F /* libsqlite3.dylib in Frameworks */ = {isa = PBXBuildFile; fileRef = 51CB83761B4CBCDD00962A6F /* libsqlite3.dylib */; };
		51CB837B1B4CBD4300962A6F /* BussinessManager.m in Sources */ = {isa = PBXBuildFile; fileRef = 51CB837A1B4CBD4300962A6F /* BussinessManager.m */; };
		51CB83801B4CD16800962A6F /* BaseViewController.m in Sources */ = {isa = PBXBuildFile; fileRef = 51CB837E1B4CD16800962A6F /* BaseViewController.m */; };
		51CB83871B4CD41700962A6F /* BaseView.m in Sources */ = {isa = PBXBuildFile; fileRef = 51CB83861B4CD41700962A6F /* BaseView.m */; };
		51CB838C1B4CD45500962A6F /* MainViewController.m in Sources */ = {isa = PBXBuildFile; fileRef = 51CB838B1B4CD45500962A6F /* MainViewController.m */; };
		51CB838F1B4CD46D00962A6F /* LoginViewController.m in Sources */ = {isa = PBXBuildFile; fileRef = 51CB838E1B4CD46D00962A6F /* LoginViewController.m */; };
		51CB83921B4CF4EC00962A6F /* HomeVC.m in Sources */ = {isa = PBXBuildFile; fileRef = 51CB83911B4CF4EC00962A6F /* HomeVC.m */; };
		51CB83951B4CF4F800962A6F /* MessageVC.m in Sources */ = {isa = PBXBuildFile; fileRef = 51CB83941B4CF4F800962A6F /* MessageVC.m */; };
		51CB839B1B4CF53000962A6F /* FindVC.m in Sources */ = {isa = PBXBuildFile; fileRef = 51CB839A1B4CF53000962A6F /* FindVC.m */; };
		51CB839E1B4CF55000962A6F /* MineVC.m in Sources */ = {isa = PBXBuildFile; fileRef = 51CB839D1B4CF55000962A6F /* MineVC.m */; };
		51CB83A11B4D078000962A6F /* WeiboMannager.m in Sources */ = {isa = PBXBuildFile; fileRef = 51CB83A01B4D078000962A6F /* WeiboMannager.m */; };
		51CB83AF1B4D28A800962A6F /* WeiboEntity.m in Sources */ = {isa = PBXBuildFile; fileRef = 51CB83AE1B4D28A800962A6F /* WeiboEntity.m */; };
		51CF4ABB1B4E0BB0001E1F70 /* WeiboDetailVC.m in Sources */ = {isa = PBXBuildFile; fileRef = 51CF4ABA1B4E0BB0001E1F70 /* WeiboDetailVC.m */; };
		51D2331F1B4FA23E00808E24 /* Images.xcassets in Resources */ = {isa = PBXBuildFile; fileRef = 51D2331E1B4FA23E00808E24 /* Images.xcassets */; };
		51D99D1F1B58A19800E45EEB /* 6%@H}DOA)FOSF2{F]AC%X$4.jpg in Resources */ = {isa = PBXBuildFile; fileRef = 51D99D1E1B58A19800E45EEB /* 6%@H}DOA)FOSF2{F]AC%X$4.jpg */; };
		51E665111B54B03500453ACF /* MJConst.m in Sources */ = {isa = PBXBuildFile; fileRef = 51E665011B54B03500453ACF /* MJConst.m */; };
		51E665121B54B03500453ACF /* MJFoundation.m in Sources */ = {isa = PBXBuildFile; fileRef = 51E665041B54B03500453ACF /* MJFoundation.m */; };
		51E665131B54B03500453ACF /* MJProperty.m in Sources */ = {isa = PBXBuildFile; fileRef = 51E665061B54B03500453ACF /* MJProperty.m */; };
		51E665141B54B03500453ACF /* MJType.m in Sources */ = {isa = PBXBuildFile; fileRef = 51E665081B54B03500453ACF /* MJType.m */; };
		51E665151B54B03500453ACF /* NSObject+MJCoding.m in Sources */ = {isa = PBXBuildFile; fileRef = 51E6650A1B54B03500453ACF /* NSObject+MJCoding.m */; };
		51E665161B54B03500453ACF /* NSObject+MJKeyValue.m in Sources */ = {isa = PBXBuildFile; fileRef = 51E6650C1B54B03500453ACF /* NSObject+MJKeyValue.m */; };
		51E665171B54B03500453ACF /* NSObject+MJProperty.m in Sources */ = {isa = PBXBuildFile; fileRef = 51E6650E1B54B03500453ACF /* NSObject+MJProperty.m */; };
		51E665181B54B03500453ACF /* NSString+MJExtension.m in Sources */ = {isa = PBXBuildFile; fileRef = 51E665101B54B03500453ACF /* NSString+MJExtension.m */; };
		51E6651B1B54BBD100453ACF /* User.m in Sources */ = {isa = PBXBuildFile; fileRef = 51E6651A1B54BBD100453ACF /* User.m */; };
		51E6651E1B54F66B00453ACF /* WeiboListCell.m in Sources */ = {isa = PBXBuildFile; fileRef = 51E6651D1B54F66B00453ACF /* WeiboListCell.m */; };
		51E665211B54FAC900453ACF /* WeiboListBtn.m in Sources */ = {isa = PBXBuildFile; fileRef = 51E665201B54FAC900453ACF /* WeiboListBtn.m */; };
		51E665441B54FB1800453ACF /* MKAnnotationView+WebCache.m in Sources */ = {isa = PBXBuildFile; fileRef = 51E665241B54FB1800453ACF /* MKAnnotationView+WebCache.m */; };
		51E665451B54FB1800453ACF /* NSData+ImageContentType.m in Sources */ = {isa = PBXBuildFile; fileRef = 51E665261B54FB1800453ACF /* NSData+ImageContentType.m */; };
		51E665461B54FB1800453ACF /* SDImageCache.m in Sources */ = {isa = PBXBuildFile; fileRef = 51E665281B54FB1800453ACF /* SDImageCache.m */; };
		51E665471B54FB1800453ACF /* SDWebImageCompat.m in Sources */ = {isa = PBXBuildFile; fileRef = 51E6652A1B54FB1800453ACF /* SDWebImageCompat.m */; };
		51E665481B54FB1800453ACF /* SDWebImageDecoder.m in Sources */ = {isa = PBXBuildFile; fileRef = 51E6652C1B54FB1800453ACF /* SDWebImageDecoder.m */; };
		51E665491B54FB1800453ACF /* SDWebImageDownloader.m in Sources */ = {isa = PBXBuildFile; fileRef = 51E6652E1B54FB1800453ACF /* SDWebImageDownloader.m */; };
		51E6654A1B54FB1800453ACF /* SDWebImageDownloaderOperation.m in Sources */ = {isa = PBXBuildFile; fileRef = 51E665301B54FB1800453ACF /* SDWebImageDownloaderOperation.m */; };
		51E6654B1B54FB1800453ACF /* SDWebImageManager.m in Sources */ = {isa = PBXBuildFile; fileRef = 51E665321B54FB1800453ACF /* SDWebImageManager.m */; };
		51E6654C1B54FB1800453ACF /* SDWebImagePrefetcher.m in Sources */ = {isa = PBXBuildFile; fileRef = 51E665351B54FB1800453ACF /* SDWebImagePrefetcher.m */; };
		51E6654D1B54FB1800453ACF /* UIButton+WebCache.m in Sources */ = {isa = PBXBuildFile; fileRef = 51E665371B54FB1800453ACF /* UIButton+WebCache.m */; };
		51E6654E1B54FB1800453ACF /* UIImage+GIF.m in Sources */ = {isa = PBXBuildFile; fileRef = 51E665391B54FB1800453ACF /* UIImage+GIF.m */; };
		51E6654F1B54FB1800453ACF /* UIImage+MultiFormat.m in Sources */ = {isa = PBXBuildFile; fileRef = 51E6653B1B54FB1800453ACF /* UIImage+MultiFormat.m */; };
		51E665501B54FB1800453ACF /* UIImage+WebP.m in Sources */ = {isa = PBXBuildFile; fileRef = 51E6653D1B54FB1800453ACF /* UIImage+WebP.m */; };
		51E665511B54FB1800453ACF /* UIImageView+HighlightedWebCache.m in Sources */ = {isa = PBXBuildFile; fileRef = 51E6653F1B54FB1800453ACF /* UIImageView+HighlightedWebCache.m */; };
		51E665521B54FB1800453ACF /* UIImageView+WebCache.m in Sources */ = {isa = PBXBuildFile; fileRef = 51E665411B54FB1800453ACF /* UIImageView+WebCache.m */; };
		51E665531B54FB1800453ACF /* UIView+WebCacheOperation.m in Sources */ = {isa = PBXBuildFile; fileRef = 51E665431B54FB1800453ACF /* UIView+WebCacheOperation.m */; };
		51E665711B55144100453ACF /* SNNavigationController.m in Sources */ = {isa = PBXBuildFile; fileRef = 51E665701B55144000453ACF /* SNNavigationController.m */; };
		51E665751B5514BE00453ACF /* GridView.m in Sources */ = {isa = PBXBuildFile; fileRef = 51E665741B5514BE00453ACF /* GridView.m */; };
		51ED0DCD1B5663BA00827AE9 /* ReweetView.m in Sources */ = {isa = PBXBuildFile; fileRef = 51ED0DCC1B5663BA00827AE9 /* ReweetView.m */; };
/* End PBXBuildFile section */

/* Begin PBXContainerItemProxy section */
		112C59AF18ED0DFD00AD2C8A /* PBXContainerItemProxy */ = {
			isa = PBXContainerItemProxy;
			containerPortal = 112C598718ED0DFC00AD2C8A /* Project object */;
			proxyType = 1;
			remoteGlobalIDString = 112C598E18ED0DFC00AD2C8A;
			remoteInfo = SinaweiboDemo;
		};
/* End PBXContainerItemProxy section */

/* Begin PBXFileReference section */
		112C598F18ED0DFC00AD2C8A /* SinaweiboDemo.app */ = {isa = PBXFileReference; explicitFileType = wrapper.application; includeInIndex = 0; path = SinaweiboDemo.app; sourceTree = BUILT_PRODUCTS_DIR; };
		112C599218ED0DFC00AD2C8A /* Foundation.framework */ = {isa = PBXFileReference; lastKnownFileType = wrapper.framework; name = Foundation.framework; path = System/Library/Frameworks/Foundation.framework; sourceTree = SDKROOT; };
		112C599418ED0DFC00AD2C8A /* CoreGraphics.framework */ = {isa = PBXFileReference; lastKnownFileType = wrapper.framework; name = CoreGraphics.framework; path = System/Library/Frameworks/CoreGraphics.framework; sourceTree = SDKROOT; };
		112C599618ED0DFC00AD2C8A /* UIKit.framework */ = {isa = PBXFileReference; lastKnownFileType = wrapper.framework; name = UIKit.framework; path = System/Library/Frameworks/UIKit.framework; sourceTree = SDKROOT; };
		112C599A18ED0DFC00AD2C8A /* SinaweiboDemo-Info.plist */ = {isa = PBXFileReference; lastKnownFileType = text.plist.xml; path = "SinaweiboDemo-Info.plist"; sourceTree = "<group>"; };
		112C599C18ED0DFC00AD2C8A /* en */ = {isa = PBXFileReference; lastKnownFileType = text.plist.strings; name = en; path = en.lproj/InfoPlist.strings; sourceTree = "<group>"; };
		112C599E18ED0DFC00AD2C8A /* main.m */ = {isa = PBXFileReference; lastKnownFileType = sourcecode.c.objc; path = main.m; sourceTree = "<group>"; };
		112C59A018ED0DFC00AD2C8A /* SinaweiboDemo-Prefix.pch */ = {isa = PBXFileReference; lastKnownFileType = sourcecode.c.h; path = "SinaweiboDemo-Prefix.pch"; sourceTree = "<group>"; };
		112C59A118ED0DFC00AD2C8A /* AppDelegate.h */ = {isa = PBXFileReference; lastKnownFileType = sourcecode.c.h; path = AppDelegate.h; sourceTree = "<group>"; };
		112C59A218ED0DFC00AD2C8A /* AppDelegate.m */ = {isa = PBXFileReference; lastKnownFileType = sourcecode.c.objc; path = AppDelegate.m; sourceTree = "<group>"; };
		112C59AA18ED0DFC00AD2C8A /* SinaweiboDemoTests.xctest */ = {isa = PBXFileReference; explicitFileType = wrapper.cfbundle; includeInIndex = 0; path = SinaweiboDemoTests.xctest; sourceTree = BUILT_PRODUCTS_DIR; };
		112C59AB18ED0DFC00AD2C8A /* XCTest.framework */ = {isa = PBXFileReference; lastKnownFileType = wrapper.framework; name = XCTest.framework; path = Library/Frameworks/XCTest.framework; sourceTree = DEVELOPER_DIR; };
		112C59B318ED0DFD00AD2C8A /* SinaweiboDemoTests-Info.plist */ = {isa = PBXFileReference; lastKnownFileType = text.plist.xml; path = "SinaweiboDemoTests-Info.plist"; sourceTree = "<group>"; };
		112C59B518ED0DFD00AD2C8A /* en */ = {isa = PBXFileReference; lastKnownFileType = text.plist.strings; name = en; path = en.lproj/InfoPlist.strings; sourceTree = "<group>"; };
		112C59B718ED0DFD00AD2C8A /* SinaweiboDemoTests.m */ = {isa = PBXFileReference; lastKnownFileType = sourcecode.c.objc; path = SinaweiboDemoTests.m; sourceTree = "<group>"; };
		51CB82D31B4CBA6B00962A6F /* AFHTTPRequestOperation.h */ = {isa = PBXFileReference; fileEncoding = 4; lastKnownFileType = sourcecode.c.h; path = AFHTTPRequestOperation.h; sourceTree = "<group>"; };
		51CB82D41B4CBA6B00962A6F /* AFHTTPRequestOperation.m */ = {isa = PBXFileReference; fileEncoding = 4; lastKnownFileType = sourcecode.c.objc; path = AFHTTPRequestOperation.m; sourceTree = "<group>"; };
		51CB82D51B4CBA6B00962A6F /* AFHTTPRequestOperationManager.h */ = {isa = PBXFileReference; fileEncoding = 4; lastKnownFileType = sourcecode.c.h; path = AFHTTPRequestOperationManager.h; sourceTree = "<group>"; };
		51CB82D61B4CBA6B00962A6F /* AFHTTPRequestOperationManager.m */ = {isa = PBXFileReference; fileEncoding = 4; lastKnownFileType = sourcecode.c.objc; path = AFHTTPRequestOperationManager.m; sourceTree = "<group>"; };
		51CB82D71B4CBA6B00962A6F /* AFHTTPSessionManager.h */ = {isa = PBXFileReference; fileEncoding = 4; lastKnownFileType = sourcecode.c.h; path = AFHTTPSessionManager.h; sourceTree = "<group>"; };
		51CB82D81B4CBA6B00962A6F /* AFHTTPSessionManager.m */ = {isa = PBXFileReference; fileEncoding = 4; lastKnownFileType = sourcecode.c.objc; path = AFHTTPSessionManager.m; sourceTree = "<group>"; };
		51CB82D91B4CBA6B00962A6F /* AFNetworking.h */ = {isa = PBXFileReference; fileEncoding = 4; lastKnownFileType = sourcecode.c.h; path = AFNetworking.h; sourceTree = "<group>"; };
		51CB82DA1B4CBA6B00962A6F /* AFNetworkReachabilityManager.h */ = {isa = PBXFileReference; fileEncoding = 4; lastKnownFileType = sourcecode.c.h; path = AFNetworkReachabilityManager.h; sourceTree = "<group>"; };
		51CB82DB1B4CBA6B00962A6F /* AFNetworkReachabilityManager.m */ = {isa = PBXFileReference; fileEncoding = 4; lastKnownFileType = sourcecode.c.objc; path = AFNetworkReachabilityManager.m; sourceTree = "<group>"; };
		51CB82DC1B4CBA6B00962A6F /* AFSecurityPolicy.h */ = {isa = PBXFileReference; fileEncoding = 4; lastKnownFileType = sourcecode.c.h; path = AFSecurityPolicy.h; sourceTree = "<group>"; };
		51CB82DD1B4CBA6B00962A6F /* AFSecurityPolicy.m */ = {isa = PBXFileReference; fileEncoding = 4; lastKnownFileType = sourcecode.c.objc; path = AFSecurityPolicy.m; sourceTree = "<group>"; };
		51CB82DE1B4CBA6B00962A6F /* AFURLConnectionOperation.h */ = {isa = PBXFileReference; fileEncoding = 4; lastKnownFileType = sourcecode.c.h; path = AFURLConnectionOperation.h; sourceTree = "<group>"; };
		51CB82DF1B4CBA6B00962A6F /* AFURLConnectionOperation.m */ = {isa = PBXFileReference; fileEncoding = 4; lastKnownFileType = sourcecode.c.objc; path = AFURLConnectionOperation.m; sourceTree = "<group>"; };
		51CB82E01B4CBA6B00962A6F /* AFURLRequestSerialization.h */ = {isa = PBXFileReference; fileEncoding = 4; lastKnownFileType = sourcecode.c.h; path = AFURLRequestSerialization.h; sourceTree = "<group>"; };
		51CB82E11B4CBA6B00962A6F /* AFURLRequestSerialization.m */ = {isa = PBXFileReference; fileEncoding = 4; lastKnownFileType = sourcecode.c.objc; path = AFURLRequestSerialization.m; sourceTree = "<group>"; };
		51CB82E21B4CBA6B00962A6F /* AFURLResponseSerialization.h */ = {isa = PBXFileReference; fileEncoding = 4; lastKnownFileType = sourcecode.c.h; path = AFURLResponseSerialization.h; sourceTree = "<group>"; };
		51CB82E31B4CBA6B00962A6F /* AFURLResponseSerialization.m */ = {isa = PBXFileReference; fileEncoding = 4; lastKnownFileType = sourcecode.c.objc; path = AFURLResponseSerialization.m; sourceTree = "<group>"; };
		51CB82E41B4CBA6B00962A6F /* AFURLSessionManager.h */ = {isa = PBXFileReference; fileEncoding = 4; lastKnownFileType = sourcecode.c.h; path = AFURLSessionManager.h; sourceTree = "<group>"; };
		51CB82E51B4CBA6B00962A6F /* AFURLSessionManager.m */ = {isa = PBXFileReference; fileEncoding = 4; lastKnownFileType = sourcecode.c.objc; path = AFURLSessionManager.m; sourceTree = "<group>"; };
		51CB82E71B4CBA6B00962A6F /* AFNetworkActivityIndicatorManager.h */ = {isa = PBXFileReference; fileEncoding = 4; lastKnownFileType = sourcecode.c.h; path = AFNetworkActivityIndicatorManager.h; sourceTree = "<group>"; };
		51CB82E81B4CBA6B00962A6F /* AFNetworkActivityIndicatorManager.m */ = {isa = PBXFileReference; fileEncoding = 4; lastKnownFileType = sourcecode.c.objc; path = AFNetworkActivityIndicatorManager.m; sourceTree = "<group>"; };
		51CB82E91B4CBA6B00962A6F /* UIActivityIndicatorView+AFNetworking.h */ = {isa = PBXFileReference; fileEncoding = 4; lastKnownFileType = sourcecode.c.h; path = "UIActivityIndicatorView+AFNetworking.h"; sourceTree = "<group>"; };
		51CB82EA1B4CBA6B00962A6F /* UIActivityIndicatorView+AFNetworking.m */ = {isa = PBXFileReference; fileEncoding = 4; lastKnownFileType = sourcecode.c.objc; path = "UIActivityIndicatorView+AFNetworking.m"; sourceTree = "<group>"; };
		51CB82EB1B4CBA6B00962A6F /* UIAlertView+AFNetworking.h */ = {isa = PBXFileReference; fileEncoding = 4; lastKnownFileType = sourcecode.c.h; path = "UIAlertView+AFNetworking.h"; sourceTree = "<group>"; };
		51CB82EC1B4CBA6B00962A6F /* UIAlertView+AFNetworking.m */ = {isa = PBXFileReference; fileEncoding = 4; lastKnownFileType = sourcecode.c.objc; path = "UIAlertView+AFNetworking.m"; sourceTree = "<group>"; };
		51CB82ED1B4CBA6B00962A6F /* UIButton+AFNetworking.h */ = {isa = PBXFileReference; fileEncoding = 4; lastKnownFileType = sourcecode.c.h; path = "UIButton+AFNetworking.h"; sourceTree = "<group>"; };
		51CB82EE1B4CBA6B00962A6F /* UIButton+AFNetworking.m */ = {isa = PBXFileReference; fileEncoding = 4; lastKnownFileType = sourcecode.c.objc; path = "UIButton+AFNetworking.m"; sourceTree = "<group>"; };
		51CB82EF1B4CBA6B00962A6F /* UIImageView+AFNetworking.h */ = {isa = PBXFileReference; fileEncoding = 4; lastKnownFileType = sourcecode.c.h; path = "UIImageView+AFNetworking.h"; sourceTree = "<group>"; };
		51CB82F01B4CBA6B00962A6F /* UIImageView+AFNetworking.m */ = {isa = PBXFileReference; fileEncoding = 4; lastKnownFileType = sourcecode.c.objc; path = "UIImageView+AFNetworking.m"; sourceTree = "<group>"; };
		51CB82F11B4CBA6B00962A6F /* UIKit+AFNetworking.h */ = {isa = PBXFileReference; fileEncoding = 4; lastKnownFileType = sourcecode.c.h; path = "UIKit+AFNetworking.h"; sourceTree = "<group>"; };
		51CB82F21B4CBA6B00962A6F /* UIProgressView+AFNetworking.h */ = {isa = PBXFileReference; fileEncoding = 4; lastKnownFileType = sourcecode.c.h; path = "UIProgressView+AFNetworking.h"; sourceTree = "<group>"; };
		51CB82F31B4CBA6B00962A6F /* UIProgressView+AFNetworking.m */ = {isa = PBXFileReference; fileEncoding = 4; lastKnownFileType = sourcecode.c.objc; path = "UIProgressView+AFNetworking.m"; sourceTree = "<group>"; };
		51CB82F41B4CBA6B00962A6F /* UIRefreshControl+AFNetworking.h */ = {isa = PBXFileReference; fileEncoding = 4; lastKnownFileType = sourcecode.c.h; path = "UIRefreshControl+AFNetworking.h"; sourceTree = "<group>"; };
		51CB82F51B4CBA6B00962A6F /* UIRefreshControl+AFNetworking.m */ = {isa = PBXFileReference; fileEncoding = 4; lastKnownFileType = sourcecode.c.objc; path = "UIRefreshControl+AFNetworking.m"; sourceTree = "<group>"; };
		51CB82F61B4CBA6B00962A6F /* UIWebView+AFNetworking.h */ = {isa = PBXFileReference; fileEncoding = 4; lastKnownFileType = sourcecode.c.h; path = "UIWebView+AFNetworking.h"; sourceTree = "<group>"; };
		51CB82F71B4CBA6B00962A6F /* UIWebView+AFNetworking.m */ = {isa = PBXFileReference; fileEncoding = 4; lastKnownFileType = sourcecode.c.objc; path = "UIWebView+AFNetworking.m"; sourceTree = "<group>"; };
		51CB82F91B4CBA6B00962A6F /* FMDatabase.h */ = {isa = PBXFileReference; fileEncoding = 4; lastKnownFileType = sourcecode.c.h; path = FMDatabase.h; sourceTree = "<group>"; };
		51CB82FA1B4CBA6B00962A6F /* FMDatabase.m */ = {isa = PBXFileReference; fileEncoding = 4; lastKnownFileType = sourcecode.c.objc; path = FMDatabase.m; sourceTree = "<group>"; };
		51CB82FB1B4CBA6B00962A6F /* FMDatabaseAdditions.h */ = {isa = PBXFileReference; fileEncoding = 4; lastKnownFileType = sourcecode.c.h; path = FMDatabaseAdditions.h; sourceTree = "<group>"; };
		51CB82FC1B4CBA6B00962A6F /* FMDatabaseAdditions.m */ = {isa = PBXFileReference; fileEncoding = 4; lastKnownFileType = sourcecode.c.objc; path = FMDatabaseAdditions.m; sourceTree = "<group>"; };
		51CB82FD1B4CBA6B00962A6F /* FMDatabasePool.h */ = {isa = PBXFileReference; fileEncoding = 4; lastKnownFileType = sourcecode.c.h; path = FMDatabasePool.h; sourceTree = "<group>"; };
		51CB82FE1B4CBA6B00962A6F /* FMDatabasePool.m */ = {isa = PBXFileReference; fileEncoding = 4; lastKnownFileType = sourcecode.c.objc; path = FMDatabasePool.m; sourceTree = "<group>"; };
		51CB82FF1B4CBA6B00962A6F /* FMDatabaseQueue.h */ = {isa = PBXFileReference; fileEncoding = 4; lastKnownFileType = sourcecode.c.h; path = FMDatabaseQueue.h; sourceTree = "<group>"; };
		51CB83001B4CBA6B00962A6F /* FMDatabaseQueue.m */ = {isa = PBXFileReference; fileEncoding = 4; lastKnownFileType = sourcecode.c.objc; path = FMDatabaseQueue.m; sourceTree = "<group>"; };
		51CB83011B4CBA6B00962A6F /* FMDB.h */ = {isa = PBXFileReference; fileEncoding = 4; lastKnownFileType = sourcecode.c.h; path = FMDB.h; sourceTree = "<group>"; };
		51CB83021B4CBA6B00962A6F /* FMResultSet.h */ = {isa = PBXFileReference; fileEncoding = 4; lastKnownFileType = sourcecode.c.h; path = FMResultSet.h; sourceTree = "<group>"; };
		51CB83031B4CBA6B00962A6F /* FMResultSet.m */ = {isa = PBXFileReference; fileEncoding = 4; lastKnownFileType = sourcecode.c.objc; path = FMResultSet.m; sourceTree = "<group>"; };
		51CB83051B4CBA6B00962A6F /* JSONKit.h */ = {isa = PBXFileReference; fileEncoding = 4; lastKnownFileType = sourcecode.c.h; path = JSONKit.h; sourceTree = "<group>"; };
		51CB83061B4CBA6B00962A6F /* JSONKit.m */ = {isa = PBXFileReference; fileEncoding = 4; lastKnownFileType = sourcecode.c.objc; path = JSONKit.m; sourceTree = "<group>"; };
		51CB83081B4CBA6B00962A6F /* MBProgressHUD.h */ = {isa = PBXFileReference; fileEncoding = 4; lastKnownFileType = sourcecode.c.h; path = MBProgressHUD.h; sourceTree = "<group>"; };
		51CB83091B4CBA6B00962A6F /* MBProgressHUD.m */ = {isa = PBXFileReference; fileEncoding = 4; lastKnownFileType = sourcecode.c.objc; path = MBProgressHUD.m; sourceTree = "<group>"; };
		51CB830B1B4CBA6B00962A6F /* MJRefresh.bundle */ = {isa = PBXFileReference; lastKnownFileType = "wrapper.plug-in"; path = MJRefresh.bundle; sourceTree = "<group>"; };
		51CB830C1B4CBA6B00962A6F /* MJRefresh.h */ = {isa = PBXFileReference; fileEncoding = 4; lastKnownFileType = sourcecode.c.h; path = MJRefresh.h; sourceTree = "<group>"; };
		51CB830D1B4CBA6B00962A6F /* MJRefreshComponent.h */ = {isa = PBXFileReference; fileEncoding = 4; lastKnownFileType = sourcecode.c.h; path = MJRefreshComponent.h; sourceTree = "<group>"; };
		51CB830E1B4CBA6B00962A6F /* MJRefreshComponent.m */ = {isa = PBXFileReference; fileEncoding = 4; lastKnownFileType = sourcecode.c.objc; path = MJRefreshComponent.m; sourceTree = "<group>"; };
		51CB830F1B4CBA6B00962A6F /* MJRefreshConst.h */ = {isa = PBXFileReference; fileEncoding = 4; lastKnownFileType = sourcecode.c.h; path = MJRefreshConst.h; sourceTree = "<group>"; };
		51CB83101B4CBA6B00962A6F /* MJRefreshConst.m */ = {isa = PBXFileReference; fileEncoding = 4; lastKnownFileType = sourcecode.c.objc; path = MJRefreshConst.m; sourceTree = "<group>"; };
		51CB83111B4CBA6B00962A6F /* MJRefreshFooter.h */ = {isa = PBXFileReference; fileEncoding = 4; lastKnownFileType = sourcecode.c.h; path = MJRefreshFooter.h; sourceTree = "<group>"; };
		51CB83121B4CBA6B00962A6F /* MJRefreshFooter.m */ = {isa = PBXFileReference; fileEncoding = 4; lastKnownFileType = sourcecode.c.objc; path = MJRefreshFooter.m; sourceTree = "<group>"; };
		51CB83131B4CBA6B00962A6F /* MJRefreshGifFooter.h */ = {isa = PBXFileReference; fileEncoding = 4; lastKnownFileType = sourcecode.c.h; path = MJRefreshGifFooter.h; sourceTree = "<group>"; };
		51CB83141B4CBA6B00962A6F /* MJRefreshGifFooter.m */ = {isa = PBXFileReference; fileEncoding = 4; lastKnownFileType = sourcecode.c.objc; path = MJRefreshGifFooter.m; sourceTree = "<group>"; };
		51CB83151B4CBA6B00962A6F /* MJRefreshGifHeader.h */ = {isa = PBXFileReference; fileEncoding = 4; lastKnownFileType = sourcecode.c.h; path = MJRefreshGifHeader.h; sourceTree = "<group>"; };
		51CB83161B4CBA6B00962A6F /* MJRefreshGifHeader.m */ = {isa = PBXFileReference; fileEncoding = 4; lastKnownFileType = sourcecode.c.objc; path = MJRefreshGifHeader.m; sourceTree = "<group>"; };
		51CB83171B4CBA6B00962A6F /* MJRefreshHeader.h */ = {isa = PBXFileReference; fileEncoding = 4; lastKnownFileType = sourcecode.c.h; path = MJRefreshHeader.h; sourceTree = "<group>"; };
		51CB83181B4CBA6B00962A6F /* MJRefreshHeader.m */ = {isa = PBXFileReference; fileEncoding = 4; lastKnownFileType = sourcecode.c.objc; path = MJRefreshHeader.m; sourceTree = "<group>"; };
		51CB83191B4CBA6B00962A6F /* MJRefreshLegendFooter.h */ = {isa = PBXFileReference; fileEncoding = 4; lastKnownFileType = sourcecode.c.h; path = MJRefreshLegendFooter.h; sourceTree = "<group>"; };
		51CB831A1B4CBA6B00962A6F /* MJRefreshLegendFooter.m */ = {isa = PBXFileReference; fileEncoding = 4; lastKnownFileType = sourcecode.c.objc; path = MJRefreshLegendFooter.m; sourceTree = "<group>"; };
		51CB831B1B4CBA6B00962A6F /* MJRefreshLegendHeader.h */ = {isa = PBXFileReference; fileEncoding = 4; lastKnownFileType = sourcecode.c.h; path = MJRefreshLegendHeader.h; sourceTree = "<group>"; };
		51CB831C1B4CBA6B00962A6F /* MJRefreshLegendHeader.m */ = {isa = PBXFileReference; fileEncoding = 4; lastKnownFileType = sourcecode.c.objc; path = MJRefreshLegendHeader.m; sourceTree = "<group>"; };
		51CB831D1B4CBA6B00962A6F /* UIScrollView+MJExtension.h */ = {isa = PBXFileReference; fileEncoding = 4; lastKnownFileType = sourcecode.c.h; path = "UIScrollView+MJExtension.h"; sourceTree = "<group>"; };
		51CB831E1B4CBA6B00962A6F /* UIScrollView+MJExtension.m */ = {isa = PBXFileReference; fileEncoding = 4; lastKnownFileType = sourcecode.c.objc; path = "UIScrollView+MJExtension.m"; sourceTree = "<group>"; };
		51CB831F1B4CBA6B00962A6F /* UIScrollView+MJRefresh.h */ = {isa = PBXFileReference; fileEncoding = 4; lastKnownFileType = sourcecode.c.h; path = "UIScrollView+MJRefresh.h"; sourceTree = "<group>"; };
		51CB83201B4CBA6B00962A6F /* UIScrollView+MJRefresh.m */ = {isa = PBXFileReference; fileEncoding = 4; lastKnownFileType = sourcecode.c.objc; path = "UIScrollView+MJRefresh.m"; sourceTree = "<group>"; };
		51CB83211B4CBA6B00962A6F /* UIView+MJExtension.h */ = {isa = PBXFileReference; fileEncoding = 4; lastKnownFileType = sourcecode.c.h; path = "UIView+MJExtension.h"; sourceTree = "<group>"; };
		51CB83221B4CBA6B00962A6F /* UIView+MJExtension.m */ = {isa = PBXFileReference; fileEncoding = 4; lastKnownFileType = sourcecode.c.objc; path = "UIView+MJExtension.m"; sourceTree = "<group>"; };
		51CB83481B4CBA9700962A6F /* BaseService.h */ = {isa = PBXFileReference; fileEncoding = 4; lastKnownFileType = sourcecode.c.h; path = BaseService.h; sourceTree = "<group>"; };
		51CB83491B4CBA9700962A6F /* BaseService.m */ = {isa = PBXFileReference; fileEncoding = 4; lastKnownFileType = sourcecode.c.objc; path = BaseService.m; sourceTree = "<group>"; };
		51CB834A1B4CBA9700962A6F /* URRequest.h */ = {isa = PBXFileReference; fileEncoding = 4; lastKnownFileType = sourcecode.c.h; path = URRequest.h; sourceTree = "<group>"; };
		51CB834B1B4CBA9700962A6F /* URRequest.m */ = {isa = PBXFileReference; fileEncoding = 4; lastKnownFileType = sourcecode.c.objc; path = URRequest.m; sourceTree = "<group>"; };
		51CB834F1B4CBACE00962A6F /* NSDictionary+Extend.h */ = {isa = PBXFileReference; fileEncoding = 4; lastKnownFileType = sourcecode.c.h; path = "NSDictionary+Extend.h"; sourceTree = "<group>"; };
		51CB83501B4CBACE00962A6F /* NSDictionary+Extend.m */ = {isa = PBXFileReference; fileEncoding = 4; lastKnownFileType = sourcecode.c.objc; path = "NSDictionary+Extend.m"; sourceTree = "<group>"; };
		51CB83511B4CBACE00962A6F /* NSMutableAttributedString+Extend.h */ = {isa = PBXFileReference; fileEncoding = 4; lastKnownFileType = sourcecode.c.h; path = "NSMutableAttributedString+Extend.h"; sourceTree = "<group>"; };
		51CB83521B4CBACE00962A6F /* NSMutableAttributedString+Extend.m */ = {isa = PBXFileReference; fileEncoding = 4; lastKnownFileType = sourcecode.c.objc; path = "NSMutableAttributedString+Extend.m"; sourceTree = "<group>"; };
		51CB83531B4CBACE00962A6F /* NSMutableDictionary+Extend.h */ = {isa = PBXFileReference; fileEncoding = 4; lastKnownFileType = sourcecode.c.h; path = "NSMutableDictionary+Extend.h"; sourceTree = "<group>"; };
		51CB83541B4CBACE00962A6F /* NSMutableDictionary+Extend.m */ = {isa = PBXFileReference; fileEncoding = 4; lastKnownFileType = sourcecode.c.objc; path = "NSMutableDictionary+Extend.m"; sourceTree = "<group>"; };
		51CB83551B4CBACE00962A6F /* NSString+Expand.h */ = {isa = PBXFileReference; fileEncoding = 4; lastKnownFileType = sourcecode.c.h; path = "NSString+Expand.h"; sourceTree = "<group>"; };
		51CB83561B4CBACE00962A6F /* NSString+Expand.m */ = {isa = PBXFileReference; fileEncoding = 4; lastKnownFileType = sourcecode.c.objc; path = "NSString+Expand.m"; sourceTree = "<group>"; };
		51CB83571B4CBACE00962A6F /* UIColor+Expand.h */ = {isa = PBXFileReference; fileEncoding = 4; lastKnownFileType = sourcecode.c.h; path = "UIColor+Expand.h"; sourceTree = "<group>"; };
		51CB83581B4CBACE00962A6F /* UIColor+Expand.m */ = {isa = PBXFileReference; fileEncoding = 4; lastKnownFileType = sourcecode.c.objc; path = "UIColor+Expand.m"; sourceTree = "<group>"; };
		51CB83591B4CBACE00962A6F /* UIImageView+Extend.h */ = {isa = PBXFileReference; fileEncoding = 4; lastKnownFileType = sourcecode.c.h; path = "UIImageView+Extend.h"; sourceTree = "<group>"; };
		51CB835A1B4CBACE00962A6F /* UIImageView+Extend.m */ = {isa = PBXFileReference; fileEncoding = 4; lastKnownFileType = sourcecode.c.objc; path = "UIImageView+Extend.m"; sourceTree = "<group>"; };
		51CB835B1B4CBACE00962A6F /* UIView+Expand.h */ = {isa = PBXFileReference; fileEncoding = 4; lastKnownFileType = sourcecode.c.h; path = "UIView+Expand.h"; sourceTree = "<group>"; };
		51CB835C1B4CBACE00962A6F /* UIView+Expand.m */ = {isa = PBXFileReference; fileEncoding = 4; lastKnownFileType = sourcecode.c.objc; path = "UIView+Expand.m"; sourceTree = "<group>"; };
		51CB835F1B4CBACE00962A6F /* EnumConfig.h */ = {isa = PBXFileReference; fileEncoding = 4; lastKnownFileType = sourcecode.c.h; path = EnumConfig.h; sourceTree = "<group>"; };
		51CB83601B4CBACE00962A6F /* NotificationDefine.h */ = {isa = PBXFileReference; fileEncoding = 4; lastKnownFileType = sourcecode.c.h; path = NotificationDefine.h; sourceTree = "<group>"; };
		51CB83611B4CBACE00962A6F /* SystemSetting.h */ = {isa = PBXFileReference; fileEncoding = 4; lastKnownFileType = sourcecode.c.h; path = SystemSetting.h; sourceTree = "<group>"; };
		51CB83621B4CBACE00962A6F /* SystemSetting.m */ = {isa = PBXFileReference; fileEncoding = 4; lastKnownFileType = sourcecode.c.objc; path = SystemSetting.m; sourceTree = "<group>"; };
		51CB83631B4CBACE00962A6F /* ServicePathConfig.h */ = {isa = PBXFileReference; fileEncoding = 4; lastKnownFileType = sourcecode.c.h; path = ServicePathConfig.h; sourceTree = "<group>"; };
		51CB83641B4CBACE00962A6F /* SystemConfig.h */ = {isa = PBXFileReference; fileEncoding = 4; lastKnownFileType = sourcecode.c.h; path = SystemConfig.h; sourceTree = "<group>"; };
		51CB836E1B4CBB1D00962A6F /* Reachability.h */ = {isa = PBXFileReference; fileEncoding = 4; lastKnownFileType = sourcecode.c.h; path = Reachability.h; sourceTree = "<group>"; };
		51CB836F1B4CBB1D00962A6F /* Reachability.m */ = {isa = PBXFileReference; fileEncoding = 4; lastKnownFileType = sourcecode.c.objc; path = Reachability.m; sourceTree = "<group>"; };
		51CB83721B4CBC2C00962A6F /* GTMBase64.h */ = {isa = PBXFileReference; fileEncoding = 4; lastKnownFileType = sourcecode.c.h; path = GTMBase64.h; sourceTree = "<group>"; };
		51CB83731B4CBC2C00962A6F /* GTMBase64.m */ = {isa = PBXFileReference; fileEncoding = 4; lastKnownFileType = sourcecode.c.objc; path = GTMBase64.m; sourceTree = "<group>"; };
		51CB83741B4CBC2C00962A6F /* GTMDefines.h */ = {isa = PBXFileReference; fileEncoding = 4; lastKnownFileType = sourcecode.c.h; path = GTMDefines.h; sourceTree = "<group>"; };
		51CB83761B4CBCDD00962A6F /* libsqlite3.dylib */ = {isa = PBXFileReference; lastKnownFileType = "compiled.mach-o.dylib"; name = libsqlite3.dylib; path = usr/lib/libsqlite3.dylib; sourceTree = SDKROOT; };
		51CB83791B4CBD4300962A6F /* BussinessManager.h */ = {isa = PBXFileReference; fileEncoding = 4; lastKnownFileType = sourcecode.c.h; path = BussinessManager.h; sourceTree = "<group>"; };
		51CB837A1B4CBD4300962A6F /* BussinessManager.m */ = {isa = PBXFileReference; fileEncoding = 4; lastKnownFileType = sourcecode.c.objc; path = BussinessManager.m; sourceTree = "<group>"; };
		51CB837D1B4CD16800962A6F /* BaseViewController.h */ = {isa = PBXFileReference; fileEncoding = 4; lastKnownFileType = sourcecode.c.h; path = BaseViewController.h; sourceTree = "<group>"; };
		51CB837E1B4CD16800962A6F /* BaseViewController.m */ = {isa = PBXFileReference; fileEncoding = 4; lastKnownFileType = sourcecode.c.objc; path = BaseViewController.m; sourceTree = "<group>"; };
		51CB83851B4CD41700962A6F /* BaseView.h */ = {isa = PBXFileReference; fileEncoding = 4; lastKnownFileType = sourcecode.c.h; path = BaseView.h; sourceTree = "<group>"; };
		51CB83861B4CD41700962A6F /* BaseView.m */ = {isa = PBXFileReference; fileEncoding = 4; lastKnownFileType = sourcecode.c.objc; path = BaseView.m; sourceTree = "<group>"; };
		51CB838A1B4CD45500962A6F /* MainViewController.h */ = {isa = PBXFileReference; fileEncoding = 4; lastKnownFileType = sourcecode.c.h; path = MainViewController.h; sourceTree = "<group>"; };
		51CB838B1B4CD45500962A6F /* MainViewController.m */ = {isa = PBXFileReference; fileEncoding = 4; lastKnownFileType = sourcecode.c.objc; path = MainViewController.m; sourceTree = "<group>"; };
		51CB838D1B4CD46D00962A6F /* LoginViewController.h */ = {isa = PBXFileReference; fileEncoding = 4; lastKnownFileType = sourcecode.c.h; path = LoginViewController.h; sourceTree = "<group>"; };
		51CB838E1B4CD46D00962A6F /* LoginViewController.m */ = {isa = PBXFileReference; fileEncoding = 4; lastKnownFileType = sourcecode.c.objc; path = LoginViewController.m; sourceTree = "<group>"; };
		51CB83901B4CF4EC00962A6F /* HomeVC.h */ = {isa = PBXFileReference; fileEncoding = 4; lastKnownFileType = sourcecode.c.h; path = HomeVC.h; sourceTree = "<group>"; };
		51CB83911B4CF4EC00962A6F /* HomeVC.m */ = {isa = PBXFileReference; fileEncoding = 4; lastKnownFileType = sourcecode.c.objc; path = HomeVC.m; sourceTree = "<group>"; };
		51CB83931B4CF4F800962A6F /* MessageVC.h */ = {isa = PBXFileReference; fileEncoding = 4; lastKnownFileType = sourcecode.c.h; path = MessageVC.h; sourceTree = "<group>"; };
		51CB83941B4CF4F800962A6F /* MessageVC.m */ = {isa = PBXFileReference; fileEncoding = 4; lastKnownFileType = sourcecode.c.objc; path = MessageVC.m; sourceTree = "<group>"; };
		51CB83991B4CF53000962A6F /* FindVC.h */ = {isa = PBXFileReference; fileEncoding = 4; lastKnownFileType = sourcecode.c.h; path = FindVC.h; sourceTree = "<group>"; };
		51CB839A1B4CF53000962A6F /* FindVC.m */ = {isa = PBXFileReference; fileEncoding = 4; lastKnownFileType = sourcecode.c.objc; path = FindVC.m; sourceTree = "<group>"; };
		51CB839C1B4CF55000962A6F /* MineVC.h */ = {isa = PBXFileReference; fileEncoding = 4; lastKnownFileType = sourcecode.c.h; path = MineVC.h; sourceTree = "<group>"; };
		51CB839D1B4CF55000962A6F /* MineVC.m */ = {isa = PBXFileReference; fileEncoding = 4; lastKnownFileType = sourcecode.c.objc; path = MineVC.m; sourceTree = "<group>"; };
		51CB839F1B4D078000962A6F /* WeiboMannager.h */ = {isa = PBXFileReference; fileEncoding = 4; lastKnownFileType = sourcecode.c.h; path = WeiboMannager.h; sourceTree = "<group>"; };
		51CB83A01B4D078000962A6F /* WeiboMannager.m */ = {isa = PBXFileReference; fileEncoding = 4; lastKnownFileType = sourcecode.c.objc; path = WeiboMannager.m; sourceTree = "<group>"; };
		51CB83AD1B4D28A800962A6F /* WeiboEntity.h */ = {isa = PBXFileReference; fileEncoding = 4; lastKnownFileType = sourcecode.c.h; path = WeiboEntity.h; sourceTree = "<group>"; };
		51CB83AE1B4D28A800962A6F /* WeiboEntity.m */ = {isa = PBXFileReference; fileEncoding = 4; lastKnownFileType = sourcecode.c.objc; path = WeiboEntity.m; sourceTree = "<group>"; };
		51CBAE191B57501500667E32 /* DBConfig.h */ = {isa = PBXFileReference; lastKnownFileType = sourcecode.c.h; path = DBConfig.h; sourceTree = "<group>"; };
		51CF4AB91B4E0BB0001E1F70 /* WeiboDetailVC.h */ = {isa = PBXFileReference; fileEncoding = 4; lastKnownFileType = sourcecode.c.h; path = WeiboDetailVC.h; sourceTree = "<group>"; };
		51CF4ABA1B4E0BB0001E1F70 /* WeiboDetailVC.m */ = {isa = PBXFileReference; fileEncoding = 4; lastKnownFileType = sourcecode.c.objc; path = WeiboDetailVC.m; sourceTree = "<group>"; };
		51D2331E1B4FA23E00808E24 /* Images.xcassets */ = {isa = PBXFileReference; lastKnownFileType = folder.assetcatalog; path = Images.xcassets; sourceTree = "<group>"; };
		51D99D1E1B58A19800E45EEB /* 6%@H}DOA)FOSF2{F]AC%X$4.jpg */ = {isa = PBXFileReference; lastKnownFileType = image.jpeg; path = "6%@H}DOA)FOSF2{F]AC%X$4.jpg"; sourceTree = "<group>"; };
		51E665001B54B03500453ACF /* MJConst.h */ = {isa = PBXFileReference; fileEncoding = 4; lastKnownFileType = sourcecode.c.h; path = MJConst.h; sourceTree = "<group>"; };
		51E665011B54B03500453ACF /* MJConst.m */ = {isa = PBXFileReference; fileEncoding = 4; lastKnownFileType = sourcecode.c.objc; path = MJConst.m; sourceTree = "<group>"; };
		51E665021B54B03500453ACF /* MJExtension.h */ = {isa = PBXFileReference; fileEncoding = 4; lastKnownFileType = sourcecode.c.h; path = MJExtension.h; sourceTree = "<group>"; };
		51E665031B54B03500453ACF /* MJFoundation.h */ = {isa = PBXFileReference; fileEncoding = 4; lastKnownFileType = sourcecode.c.h; path = MJFoundation.h; sourceTree = "<group>"; };
		51E665041B54B03500453ACF /* MJFoundation.m */ = {isa = PBXFileReference; fileEncoding = 4; lastKnownFileType = sourcecode.c.objc; path = MJFoundation.m; sourceTree = "<group>"; };
		51E665051B54B03500453ACF /* MJProperty.h */ = {isa = PBXFileReference; fileEncoding = 4; lastKnownFileType = sourcecode.c.h; path = MJProperty.h; sourceTree = "<group>"; };
		51E665061B54B03500453ACF /* MJProperty.m */ = {isa = PBXFileReference; fileEncoding = 4; lastKnownFileType = sourcecode.c.objc; path = MJProperty.m; sourceTree = "<group>"; };
		51E665071B54B03500453ACF /* MJType.h */ = {isa = PBXFileReference; fileEncoding = 4; lastKnownFileType = sourcecode.c.h; path = MJType.h; sourceTree = "<group>"; };
		51E665081B54B03500453ACF /* MJType.m */ = {isa = PBXFileReference; fileEncoding = 4; lastKnownFileType = sourcecode.c.objc; path = MJType.m; sourceTree = "<group>"; };
		51E665091B54B03500453ACF /* NSObject+MJCoding.h */ = {isa = PBXFileReference; fileEncoding = 4; lastKnownFileType = sourcecode.c.h; path = "NSObject+MJCoding.h"; sourceTree = "<group>"; };
		51E6650A1B54B03500453ACF /* NSObject+MJCoding.m */ = {isa = PBXFileReference; fileEncoding = 4; lastKnownFileType = sourcecode.c.objc; path = "NSObject+MJCoding.m"; sourceTree = "<group>"; };
		51E6650B1B54B03500453ACF /* NSObject+MJKeyValue.h */ = {isa = PBXFileReference; fileEncoding = 4; lastKnownFileType = sourcecode.c.h; path = "NSObject+MJKeyValue.h"; sourceTree = "<group>"; };
		51E6650C1B54B03500453ACF /* NSObject+MJKeyValue.m */ = {isa = PBXFileReference; fileEncoding = 4; lastKnownFileType = sourcecode.c.objc; path = "NSObject+MJKeyValue.m"; sourceTree = "<group>"; };
		51E6650D1B54B03500453ACF /* NSObject+MJProperty.h */ = {isa = PBXFileReference; fileEncoding = 4; lastKnownFileType = sourcecode.c.h; path = "NSObject+MJProperty.h"; sourceTree = "<group>"; };
		51E6650E1B54B03500453ACF /* NSObject+MJProperty.m */ = {isa = PBXFileReference; fileEncoding = 4; lastKnownFileType = sourcecode.c.objc; path = "NSObject+MJProperty.m"; sourceTree = "<group>"; };
		51E6650F1B54B03500453ACF /* NSString+MJExtension.h */ = {isa = PBXFileReference; fileEncoding = 4; lastKnownFileType = sourcecode.c.h; path = "NSString+MJExtension.h"; sourceTree = "<group>"; };
		51E665101B54B03500453ACF /* NSString+MJExtension.m */ = {isa = PBXFileReference; fileEncoding = 4; lastKnownFileType = sourcecode.c.objc; path = "NSString+MJExtension.m"; sourceTree = "<group>"; };
		51E665191B54BBD100453ACF /* User.h */ = {isa = PBXFileReference; fileEncoding = 4; lastKnownFileType = sourcecode.c.h; path = User.h; sourceTree = "<group>"; };
		51E6651A1B54BBD100453ACF /* User.m */ = {isa = PBXFileReference; fileEncoding = 4; lastKnownFileType = sourcecode.c.objc; path = User.m; sourceTree = "<group>"; };
		51E6651C1B54F66B00453ACF /* WeiboListCell.h */ = {isa = PBXFileReference; fileEncoding = 4; lastKnownFileType = sourcecode.c.h; path = WeiboListCell.h; sourceTree = "<group>"; };
		51E6651D1B54F66B00453ACF /* WeiboListCell.m */ = {isa = PBXFileReference; fileEncoding = 4; lastKnownFileType = sourcecode.c.objc; path = WeiboListCell.m; sourceTree = "<group>"; };
		51E6651F1B54FAC900453ACF /* WeiboListBtn.h */ = {isa = PBXFileReference; fileEncoding = 4; lastKnownFileType = sourcecode.c.h; path = WeiboListBtn.h; sourceTree = "<group>"; };
		51E665201B54FAC900453ACF /* WeiboListBtn.m */ = {isa = PBXFileReference; fileEncoding = 4; lastKnownFileType = sourcecode.c.objc; path = WeiboListBtn.m; sourceTree = "<group>"; };
		51E665231B54FB1800453ACF /* MKAnnotationView+WebCache.h */ = {isa = PBXFileReference; fileEncoding = 4; lastKnownFileType = sourcecode.c.h; path = "MKAnnotationView+WebCache.h"; sourceTree = "<group>"; };
		51E665241B54FB1800453ACF /* MKAnnotationView+WebCache.m */ = {isa = PBXFileReference; fileEncoding = 4; lastKnownFileType = sourcecode.c.objc; path = "MKAnnotationView+WebCache.m"; sourceTree = "<group>"; };
		51E665251B54FB1800453ACF /* NSData+ImageContentType.h */ = {isa = PBXFileReference; fileEncoding = 4; lastKnownFileType = sourcecode.c.h; path = "NSData+ImageContentType.h"; sourceTree = "<group>"; };
		51E665261B54FB1800453ACF /* NSData+ImageContentType.m */ = {isa = PBXFileReference; fileEncoding = 4; lastKnownFileType = sourcecode.c.objc; path = "NSData+ImageContentType.m"; sourceTree = "<group>"; };
		51E665271B54FB1800453ACF /* SDImageCache.h */ = {isa = PBXFileReference; fileEncoding = 4; lastKnownFileType = sourcecode.c.h; path = SDImageCache.h; sourceTree = "<group>"; };
		51E665281B54FB1800453ACF /* SDImageCache.m */ = {isa = PBXFileReference; fileEncoding = 4; lastKnownFileType = sourcecode.c.objc; path = SDImageCache.m; sourceTree = "<group>"; };
		51E665291B54FB1800453ACF /* SDWebImageCompat.h */ = {isa = PBXFileReference; fileEncoding = 4; lastKnownFileType = sourcecode.c.h; path = SDWebImageCompat.h; sourceTree = "<group>"; };
		51E6652A1B54FB1800453ACF /* SDWebImageCompat.m */ = {isa = PBXFileReference; fileEncoding = 4; lastKnownFileType = sourcecode.c.objc; path = SDWebImageCompat.m; sourceTree = "<group>"; };
		51E6652B1B54FB1800453ACF /* SDWebImageDecoder.h */ = {isa = PBXFileReference; fileEncoding = 4; lastKnownFileType = sourcecode.c.h; path = SDWebImageDecoder.h; sourceTree = "<group>"; };
		51E6652C1B54FB1800453ACF /* SDWebImageDecoder.m */ = {isa = PBXFileReference; fileEncoding = 4; lastKnownFileType = sourcecode.c.objc; path = SDWebImageDecoder.m; sourceTree = "<group>"; };
		51E6652D1B54FB1800453ACF /* SDWebImageDownloader.h */ = {isa = PBXFileReference; fileEncoding = 4; lastKnownFileType = sourcecode.c.h; path = SDWebImageDownloader.h; sourceTree = "<group>"; };
		51E6652E1B54FB1800453ACF /* SDWebImageDownloader.m */ = {isa = PBXFileReference; fileEncoding = 4; lastKnownFileType = sourcecode.c.objc; path = SDWebImageDownloader.m; sourceTree = "<group>"; };
		51E6652F1B54FB1800453ACF /* SDWebImageDownloaderOperation.h */ = {isa = PBXFileReference; fileEncoding = 4; lastKnownFileType = sourcecode.c.h; path = SDWebImageDownloaderOperation.h; sourceTree = "<group>"; };
		51E665301B54FB1800453ACF /* SDWebImageDownloaderOperation.m */ = {isa = PBXFileReference; fileEncoding = 4; lastKnownFileType = sourcecode.c.objc; path = SDWebImageDownloaderOperation.m; sourceTree = "<group>"; };
		51E665311B54FB1800453ACF /* SDWebImageManager.h */ = {isa = PBXFileReference; fileEncoding = 4; lastKnownFileType = sourcecode.c.h; path = SDWebImageManager.h; sourceTree = "<group>"; };
		51E665321B54FB1800453ACF /* SDWebImageManager.m */ = {isa = PBXFileReference; fileEncoding = 4; lastKnownFileType = sourcecode.c.objc; path = SDWebImageManager.m; sourceTree = "<group>"; };
		51E665331B54FB1800453ACF /* SDWebImageOperation.h */ = {isa = PBXFileReference; fileEncoding = 4; lastKnownFileType = sourcecode.c.h; path = SDWebImageOperation.h; sourceTree = "<group>"; };
		51E665341B54FB1800453ACF /* SDWebImagePrefetcher.h */ = {isa = PBXFileReference; fileEncoding = 4; lastKnownFileType = sourcecode.c.h; path = SDWebImagePrefetcher.h; sourceTree = "<group>"; };
		51E665351B54FB1800453ACF /* SDWebImagePrefetcher.m */ = {isa = PBXFileReference; fileEncoding = 4; lastKnownFileType = sourcecode.c.objc; path = SDWebImagePrefetcher.m; sourceTree = "<group>"; };
		51E665361B54FB1800453ACF /* UIButton+WebCache.h */ = {isa = PBXFileReference; fileEncoding = 4; lastKnownFileType = sourcecode.c.h; path = "UIButton+WebCache.h"; sourceTree = "<group>"; };
		51E665371B54FB1800453ACF /* UIButton+WebCache.m */ = {isa = PBXFileReference; fileEncoding = 4; lastKnownFileType = sourcecode.c.objc; path = "UIButton+WebCache.m"; sourceTree = "<group>"; };
		51E665381B54FB1800453ACF /* UIImage+GIF.h */ = {isa = PBXFileReference; fileEncoding = 4; lastKnownFileType = sourcecode.c.h; path = "UIImage+GIF.h"; sourceTree = "<group>"; };
		51E665391B54FB1800453ACF /* UIImage+GIF.m */ = {isa = PBXFileReference; fileEncoding = 4; lastKnownFileType = sourcecode.c.objc; path = "UIImage+GIF.m"; sourceTree = "<group>"; };
		51E6653A1B54FB1800453ACF /* UIImage+MultiFormat.h */ = {isa = PBXFileReference; fileEncoding = 4; lastKnownFileType = sourcecode.c.h; path = "UIImage+MultiFormat.h"; sourceTree = "<group>"; };
		51E6653B1B54FB1800453ACF /* UIImage+MultiFormat.m */ = {isa = PBXFileReference; fileEncoding = 4; lastKnownFileType = sourcecode.c.objc; path = "UIImage+MultiFormat.m"; sourceTree = "<group>"; };
		51E6653C1B54FB1800453ACF /* UIImage+WebP.h */ = {isa = PBXFileReference; fileEncoding = 4; lastKnownFileType = sourcecode.c.h; path = "UIImage+WebP.h"; sourceTree = "<group>"; };
		51E6653D1B54FB1800453ACF /* UIImage+WebP.m */ = {isa = PBXFileReference; fileEncoding = 4; lastKnownFileType = sourcecode.c.objc; path = "UIImage+WebP.m"; sourceTree = "<group>"; };
		51E6653E1B54FB1800453ACF /* UIImageView+HighlightedWebCache.h */ = {isa = PBXFileReference; fileEncoding = 4; lastKnownFileType = sourcecode.c.h; path = "UIImageView+HighlightedWebCache.h"; sourceTree = "<group>"; };
		51E6653F1B54FB1800453ACF /* UIImageView+HighlightedWebCache.m */ = {isa = PBXFileReference; fileEncoding = 4; lastKnownFileType = sourcecode.c.objc; path = "UIImageView+HighlightedWebCache.m"; sourceTree = "<group>"; };
		51E665401B54FB1800453ACF /* UIImageView+WebCache.h */ = {isa = PBXFileReference; fileEncoding = 4; lastKnownFileType = sourcecode.c.h; path = "UIImageView+WebCache.h"; sourceTree = "<group>"; };
		51E665411B54FB1800453ACF /* UIImageView+WebCache.m */ = {isa = PBXFileReference; fileEncoding = 4; lastKnownFileType = sourcecode.c.objc; path = "UIImageView+WebCache.m"; sourceTree = "<group>"; };
		51E665421B54FB1800453ACF /* UIView+WebCacheOperation.h */ = {isa = PBXFileReference; fileEncoding = 4; lastKnownFileType = sourcecode.c.h; path = "UIView+WebCacheOperation.h"; sourceTree = "<group>"; };
		51E665431B54FB1800453ACF /* UIView+WebCacheOperation.m */ = {isa = PBXFileReference; fileEncoding = 4; lastKnownFileType = sourcecode.c.objc; path = "UIView+WebCacheOperation.m"; sourceTree = "<group>"; };
		51E6656F1B55144000453ACF /* SNNavigationController.h */ = {isa = PBXFileReference; fileEncoding = 4; lastKnownFileType = sourcecode.c.h; path = SNNavigationController.h; sourceTree = "<group>"; };
		51E665701B55144000453ACF /* SNNavigationController.m */ = {isa = PBXFileReference; fileEncoding = 4; lastKnownFileType = sourcecode.c.objc; path = SNNavigationController.m; sourceTree = "<group>"; };
		51E665731B5514BE00453ACF /* GridView.h */ = {isa = PBXFileReference; fileEncoding = 4; lastKnownFileType = sourcecode.c.h; path = GridView.h; sourceTree = "<group>"; };
		51E665741B5514BE00453ACF /* GridView.m */ = {isa = PBXFileReference; fileEncoding = 4; lastKnownFileType = sourcecode.c.objc; path = GridView.m; sourceTree = "<group>"; };
		51ED0DCB1B5663BA00827AE9 /* ReweetView.h */ = {isa = PBXFileReference; fileEncoding = 4; lastKnownFileType = sourcecode.c.h; path = ReweetView.h; sourceTree = "<group>"; };
		51ED0DCC1B5663BA00827AE9 /* ReweetView.m */ = {isa = PBXFileReference; fileEncoding = 4; lastKnownFileType = sourcecode.c.objc; path = ReweetView.m; sourceTree = "<group>"; };
/* End PBXFileReference section */

/* Begin PBXFrameworksBuildPhase section */
		112C598C18ED0DFC00AD2C8A /* Frameworks */ = {
			isa = PBXFrameworksBuildPhase;
			buildActionMask = 2147483647;
			files = (
				51CB83771B4CBCDD00962A6F /* libsqlite3.dylib in Frameworks */,
				112C599518ED0DFC00AD2C8A /* CoreGraphics.framework in Frameworks */,
				112C599718ED0DFC00AD2C8A /* UIKit.framework in Frameworks */,
				112C599318ED0DFC00AD2C8A /* Foundation.framework in Frameworks */,
			);
			runOnlyForDeploymentPostprocessing = 0;
		};
		112C59A718ED0DFC00AD2C8A /* Frameworks */ = {
			isa = PBXFrameworksBuildPhase;
			buildActionMask = 2147483647;
			files = (
				112C59AC18ED0DFC00AD2C8A /* XCTest.framework in Frameworks */,
				112C59AE18ED0DFD00AD2C8A /* UIKit.framework in Frameworks */,
				112C59AD18ED0DFD00AD2C8A /* Foundation.framework in Frameworks */,
			);
			runOnlyForDeploymentPostprocessing = 0;
		};
/* End PBXFrameworksBuildPhase section */

/* Begin PBXGroup section */
		112C598618ED0DFC00AD2C8A = {
			isa = PBXGroup;
			children = (
				51CB834E1B4CBACE00962A6F /* Expand */,
				51CB835D1B4CBACE00962A6F /* Untils */,
				112C59C118ED343200AD2C8A /* Models */,
				112C59C218ED343200AD2C8A /* Controllers */,
				112C599818ED0DFC00AD2C8A /* SinaweiboDemo */,
				51CB83781B4CBD4300962A6F /* BussinessManager */,
				51CB83471B4CBA9700962A6F /* ServiceInterface */,
				51D99D1D1B58A19800E45EEB /* Screenshots */,
				51CB83A21B4D1E2100962A6F /* Images */,
				112C599918ED0DFC00AD2C8A /* Supporting Files */,
				51CB82D11B4CBA6B00962A6F /* ThirdLibray */,
				112C599118ED0DFC00AD2C8A /* Frameworks */,
				112C59B118ED0DFD00AD2C8A /* SinaweiboDemoTests */,
				112C599018ED0DFC00AD2C8A /* Products */,
			);
			sourceTree = "<group>";
		};
		112C599018ED0DFC00AD2C8A /* Products */ = {
			isa = PBXGroup;
			children = (
				112C598F18ED0DFC00AD2C8A /* SinaweiboDemo.app */,
				112C59AA18ED0DFC00AD2C8A /* SinaweiboDemoTests.xctest */,
			);
			name = Products;
			sourceTree = "<group>";
		};
		112C599118ED0DFC00AD2C8A /* Frameworks */ = {
			isa = PBXGroup;
			children = (
				51CB83761B4CBCDD00962A6F /* libsqlite3.dylib */,
				112C599218ED0DFC00AD2C8A /* Foundation.framework */,
				112C599418ED0DFC00AD2C8A /* CoreGraphics.framework */,
				112C599618ED0DFC00AD2C8A /* UIKit.framework */,
				112C59AB18ED0DFC00AD2C8A /* XCTest.framework */,
			);
			name = Frameworks;
			sourceTree = "<group>";
		};
		112C599818ED0DFC00AD2C8A /* SinaweiboDemo */ = {
			isa = PBXGroup;
			children = (
				112C59A118ED0DFC00AD2C8A /* AppDelegate.h */,
				112C59A218ED0DFC00AD2C8A /* AppDelegate.m */,
			);
			path = SinaweiboDemo;
			sourceTree = "<group>";
		};
		112C599918ED0DFC00AD2C8A /* Supporting Files */ = {
			isa = PBXGroup;
			children = (
				112C599A18ED0DFC00AD2C8A /* SinaweiboDemo-Info.plist */,
				112C599B18ED0DFC00AD2C8A /* InfoPlist.strings */,
				112C599E18ED0DFC00AD2C8A /* main.m */,
				112C59A018ED0DFC00AD2C8A /* SinaweiboDemo-Prefix.pch */,
			);
			name = "Supporting Files";
			path = SinaweiboDemo;
			sourceTree = "<group>";
		};
		112C59B118ED0DFD00AD2C8A /* SinaweiboDemoTests */ = {
			isa = PBXGroup;
			children = (
				112C59B718ED0DFD00AD2C8A /* SinaweiboDemoTests.m */,
				112C59B218ED0DFD00AD2C8A /* Supporting Files */,
			);
			path = SinaweiboDemoTests;
			sourceTree = "<group>";
		};
		112C59B218ED0DFD00AD2C8A /* Supporting Files */ = {
			isa = PBXGroup;
			children = (
				112C59B318ED0DFD00AD2C8A /* SinaweiboDemoTests-Info.plist */,
				112C59B418ED0DFD00AD2C8A /* InfoPlist.strings */,
			);
			name = "Supporting Files";
			sourceTree = "<group>";
		};
		112C59C118ED343200AD2C8A /* Models */ = {
			isa = PBXGroup;
			children = (
				51CB83AD1B4D28A800962A6F /* WeiboEntity.h */,
				51CB83AE1B4D28A800962A6F /* WeiboEntity.m */,
				51E665191B54BBD100453ACF /* User.h */,
				51E6651A1B54BBD100453ACF /* User.m */,
			);
			path = Models;
			sourceTree = "<group>";
		};
		112C59C218ED343200AD2C8A /* Controllers */ = {
			isa = PBXGroup;
			children = (
				51E665721B55145700453ACF /* CommonView */,
				51E6656E1B55144000453ACF /* SNNavigationController */,
				51CB837C1B4CD16800962A6F /* Base */,
				51CB83881B4CD45500962A6F /* LoginVC */,
				51CB83891B4CD45500962A6F /* MainVC */,
				51CF4AB81B4E0B9B001E1F70 /* WeiboVC */,
			);
			path = Controllers;
			sourceTree = "<group>";
		};
		51CB82D11B4CBA6B00962A6F /* ThirdLibray */ = {
			isa = PBXGroup;
			children = (
				51E665221B54FB1800453ACF /* SDWebImage */,
				51E664FF1B54B03500453ACF /* MJExtension */,
				51CB83711B4CBC2C00962A6F /* GTMBase64 */,
				51CB836D1B4CBB1D00962A6F /* Reachability */,
				51CB82D21B4CBA6B00962A6F /* AFNetworking */,
				51CB82F81B4CBA6B00962A6F /* fmdb */,
				51CB83041B4CBA6B00962A6F /* JSONKit */,
				51CB83071B4CBA6B00962A6F /* MBProgressHUD */,
				51CB830A1B4CBA6B00962A6F /* MJRefresh */,
			);
			path = ThirdLibray;
			sourceTree = "<group>";
		};
		51CB82D21B4CBA6B00962A6F /* AFNetworking */ = {
			isa = PBXGroup;
			children = (
				51CB82D31B4CBA6B00962A6F /* AFHTTPRequestOperation.h */,
				51CB82D41B4CBA6B00962A6F /* AFHTTPRequestOperation.m */,
				51CB82D51B4CBA6B00962A6F /* AFHTTPRequestOperationManager.h */,
				51CB82D61B4CBA6B00962A6F /* AFHTTPRequestOperationManager.m */,
				51CB82D71B4CBA6B00962A6F /* AFHTTPSessionManager.h */,
				51CB82D81B4CBA6B00962A6F /* AFHTTPSessionManager.m */,
				51CB82D91B4CBA6B00962A6F /* AFNetworking.h */,
				51CB82DA1B4CBA6B00962A6F /* AFNetworkReachabilityManager.h */,
				51CB82DB1B4CBA6B00962A6F /* AFNetworkReachabilityManager.m */,
				51CB82DC1B4CBA6B00962A6F /* AFSecurityPolicy.h */,
				51CB82DD1B4CBA6B00962A6F /* AFSecurityPolicy.m */,
				51CB82DE1B4CBA6B00962A6F /* AFURLConnectionOperation.h */,
				51CB82DF1B4CBA6B00962A6F /* AFURLConnectionOperation.m */,
				51CB82E01B4CBA6B00962A6F /* AFURLRequestSerialization.h */,
				51CB82E11B4CBA6B00962A6F /* AFURLRequestSerialization.m */,
				51CB82E21B4CBA6B00962A6F /* AFURLResponseSerialization.h */,
				51CB82E31B4CBA6B00962A6F /* AFURLResponseSerialization.m */,
				51CB82E41B4CBA6B00962A6F /* AFURLSessionManager.h */,
				51CB82E51B4CBA6B00962A6F /* AFURLSessionManager.m */,
				51CB82E61B4CBA6B00962A6F /* UIKit+AFNetworking */,
			);
			path = AFNetworking;
			sourceTree = "<group>";
		};
		51CB82E61B4CBA6B00962A6F /* UIKit+AFNetworking */ = {
			isa = PBXGroup;
			children = (
				51CB82E71B4CBA6B00962A6F /* AFNetworkActivityIndicatorManager.h */,
				51CB82E81B4CBA6B00962A6F /* AFNetworkActivityIndicatorManager.m */,
				51CB82E91B4CBA6B00962A6F /* UIActivityIndicatorView+AFNetworking.h */,
				51CB82EA1B4CBA6B00962A6F /* UIActivityIndicatorView+AFNetworking.m */,
				51CB82EB1B4CBA6B00962A6F /* UIAlertView+AFNetworking.h */,
				51CB82EC1B4CBA6B00962A6F /* UIAlertView+AFNetworking.m */,
				51CB82ED1B4CBA6B00962A6F /* UIButton+AFNetworking.h */,
				51CB82EE1B4CBA6B00962A6F /* UIButton+AFNetworking.m */,
				51CB82EF1B4CBA6B00962A6F /* UIImageView+AFNetworking.h */,
				51CB82F01B4CBA6B00962A6F /* UIImageView+AFNetworking.m */,
				51CB82F11B4CBA6B00962A6F /* UIKit+AFNetworking.h */,
				51CB82F21B4CBA6B00962A6F /* UIProgressView+AFNetworking.h */,
				51CB82F31B4CBA6B00962A6F /* UIProgressView+AFNetworking.m */,
				51CB82F41B4CBA6B00962A6F /* UIRefreshControl+AFNetworking.h */,
				51CB82F51B4CBA6B00962A6F /* UIRefreshControl+AFNetworking.m */,
				51CB82F61B4CBA6B00962A6F /* UIWebView+AFNetworking.h */,
				51CB82F71B4CBA6B00962A6F /* UIWebView+AFNetworking.m */,
			);
			path = "UIKit+AFNetworking";
			sourceTree = "<group>";
		};
		51CB82F81B4CBA6B00962A6F /* fmdb */ = {
			isa = PBXGroup;
			children = (
				51CB82F91B4CBA6B00962A6F /* FMDatabase.h */,
				51CB82FA1B4CBA6B00962A6F /* FMDatabase.m */,
				51CB82FB1B4CBA6B00962A6F /* FMDatabaseAdditions.h */,
				51CB82FC1B4CBA6B00962A6F /* FMDatabaseAdditions.m */,
				51CB82FD1B4CBA6B00962A6F /* FMDatabasePool.h */,
				51CB82FE1B4CBA6B00962A6F /* FMDatabasePool.m */,
				51CB82FF1B4CBA6B00962A6F /* FMDatabaseQueue.h */,
				51CB83001B4CBA6B00962A6F /* FMDatabaseQueue.m */,
				51CB83011B4CBA6B00962A6F /* FMDB.h */,
				51CB83021B4CBA6B00962A6F /* FMResultSet.h */,
				51CB83031B4CBA6B00962A6F /* FMResultSet.m */,
			);
			path = fmdb;
			sourceTree = "<group>";
		};
		51CB83041B4CBA6B00962A6F /* JSONKit */ = {
			isa = PBXGroup;
			children = (
				51CB83051B4CBA6B00962A6F /* JSONKit.h */,
				51CB83061B4CBA6B00962A6F /* JSONKit.m */,
			);
			path = JSONKit;
			sourceTree = "<group>";
		};
		51CB83071B4CBA6B00962A6F /* MBProgressHUD */ = {
			isa = PBXGroup;
			children = (
				51CB83081B4CBA6B00962A6F /* MBProgressHUD.h */,
				51CB83091B4CBA6B00962A6F /* MBProgressHUD.m */,
			);
			path = MBProgressHUD;
			sourceTree = "<group>";
		};
		51CB830A1B4CBA6B00962A6F /* MJRefresh */ = {
			isa = PBXGroup;
			children = (
				51CB830B1B4CBA6B00962A6F /* MJRefresh.bundle */,
				51CB830C1B4CBA6B00962A6F /* MJRefresh.h */,
				51CB830D1B4CBA6B00962A6F /* MJRefreshComponent.h */,
				51CB830E1B4CBA6B00962A6F /* MJRefreshComponent.m */,
				51CB830F1B4CBA6B00962A6F /* MJRefreshConst.h */,
				51CB83101B4CBA6B00962A6F /* MJRefreshConst.m */,
				51CB83111B4CBA6B00962A6F /* MJRefreshFooter.h */,
				51CB83121B4CBA6B00962A6F /* MJRefreshFooter.m */,
				51CB83131B4CBA6B00962A6F /* MJRefreshGifFooter.h */,
				51CB83141B4CBA6B00962A6F /* MJRefreshGifFooter.m */,
				51CB83151B4CBA6B00962A6F /* MJRefreshGifHeader.h */,
				51CB83161B4CBA6B00962A6F /* MJRefreshGifHeader.m */,
				51CB83171B4CBA6B00962A6F /* MJRefreshHeader.h */,
				51CB83181B4CBA6B00962A6F /* MJRefreshHeader.m */,
				51CB83191B4CBA6B00962A6F /* MJRefreshLegendFooter.h */,
				51CB831A1B4CBA6B00962A6F /* MJRefreshLegendFooter.m */,
				51CB831B1B4CBA6B00962A6F /* MJRefreshLegendHeader.h */,
				51CB831C1B4CBA6B00962A6F /* MJRefreshLegendHeader.m */,
				51CB831D1B4CBA6B00962A6F /* UIScrollView+MJExtension.h */,
				51CB831E1B4CBA6B00962A6F /* UIScrollView+MJExtension.m */,
				51CB831F1B4CBA6B00962A6F /* UIScrollView+MJRefresh.h */,
				51CB83201B4CBA6B00962A6F /* UIScrollView+MJRefresh.m */,
				51CB83211B4CBA6B00962A6F /* UIView+MJExtension.h */,
				51CB83221B4CBA6B00962A6F /* UIView+MJExtension.m */,
			);
			path = MJRefresh;
			sourceTree = "<group>";
		};
		51CB83471B4CBA9700962A6F /* ServiceInterface */ = {
			isa = PBXGroup;
			children = (
				51CB83481B4CBA9700962A6F /* BaseService.h */,
				51CB83491B4CBA9700962A6F /* BaseService.m */,
				51CB834A1B4CBA9700962A6F /* URRequest.h */,
				51CB834B1B4CBA9700962A6F /* URRequest.m */,
			);
			path = ServiceInterface;
			sourceTree = "<group>";
		};
		51CB834E1B4CBACE00962A6F /* Expand */ = {
			isa = PBXGroup;
			children = (
				51CB834F1B4CBACE00962A6F /* NSDictionary+Extend.h */,
				51CB83501B4CBACE00962A6F /* NSDictionary+Extend.m */,
				51CB83511B4CBACE00962A6F /* NSMutableAttributedString+Extend.h */,
				51CB83521B4CBACE00962A6F /* NSMutableAttributedString+Extend.m */,
				51CB83531B4CBACE00962A6F /* NSMutableDictionary+Extend.h */,
				51CB83541B4CBACE00962A6F /* NSMutableDictionary+Extend.m */,
				51CB83551B4CBACE00962A6F /* NSString+Expand.h */,
				51CB83561B4CBACE00962A6F /* NSString+Expand.m */,
				51CB83571B4CBACE00962A6F /* UIColor+Expand.h */,
				51CB83581B4CBACE00962A6F /* UIColor+Expand.m */,
				51CB83591B4CBACE00962A6F /* UIImageView+Extend.h */,
				51CB835A1B4CBACE00962A6F /* UIImageView+Extend.m */,
				51CB835B1B4CBACE00962A6F /* UIView+Expand.h */,
				51CB835C1B4CBACE00962A6F /* UIView+Expand.m */,
			);
			path = Expand;
			sourceTree = "<group>";
		};
		51CB835D1B4CBACE00962A6F /* Untils */ = {
			isa = PBXGroup;
			children = (
				51CB835F1B4CBACE00962A6F /* EnumConfig.h */,
				51CB83601B4CBACE00962A6F /* NotificationDefine.h */,
				51CB83611B4CBACE00962A6F /* SystemSetting.h */,
				51CB83621B4CBACE00962A6F /* SystemSetting.m */,
				51CB83631B4CBACE00962A6F /* ServicePathConfig.h */,
				51CB83641B4CBACE00962A6F /* SystemConfig.h */,
				51CBAE191B57501500667E32 /* DBConfig.h */,
			);
			path = Untils;
			sourceTree = "<group>";
		};
		51CB836D1B4CBB1D00962A6F /* Reachability */ = {
			isa = PBXGroup;
			children = (
				51CB836E1B4CBB1D00962A6F /* Reachability.h */,
				51CB836F1B4CBB1D00962A6F /* Reachability.m */,
			);
			path = Reachability;
			sourceTree = "<group>";
		};
		51CB83711B4CBC2C00962A6F /* GTMBase64 */ = {
			isa = PBXGroup;
			children = (
				51CB83721B4CBC2C00962A6F /* GTMBase64.h */,
				51CB83731B4CBC2C00962A6F /* GTMBase64.m */,
				51CB83741B4CBC2C00962A6F /* GTMDefines.h */,
			);
			path = GTMBase64;
			sourceTree = "<group>";
		};
		51CB83781B4CBD4300962A6F /* BussinessManager */ = {
			isa = PBXGroup;
			children = (
				51CB83791B4CBD4300962A6F /* BussinessManager.h */,
				51CB837A1B4CBD4300962A6F /* BussinessManager.m */,
				51CB839F1B4D078000962A6F /* WeiboMannager.h */,
				51CB83A01B4D078000962A6F /* WeiboMannager.m */,
			);
			name = BussinessManager;
			path = SinaweiboDemo/BussinessManager;
			sourceTree = "<group>";
		};
		51CB837C1B4CD16800962A6F /* Base */ = {
			isa = PBXGroup;
			children = (
				51CB837D1B4CD16800962A6F /* BaseViewController.h */,
				51CB837E1B4CD16800962A6F /* BaseViewController.m */,
				51CB83851B4CD41700962A6F /* BaseView.h */,
				51CB83861B4CD41700962A6F /* BaseView.m */,
			);
			path = Base;
			sourceTree = "<group>";
		};
		51CB83881B4CD45500962A6F /* LoginVC */ = {
			isa = PBXGroup;
			children = (
				51CB838D1B4CD46D00962A6F /* LoginViewController.h */,
				51CB838E1B4CD46D00962A6F /* LoginViewController.m */,
			);
			name = LoginVC;
			path = Base/LoginVC;
			sourceTree = "<group>";
		};
		51CB83891B4CD45500962A6F /* MainVC */ = {
			isa = PBXGroup;
			children = (
				51CB838A1B4CD45500962A6F /* MainViewController.h */,
				51CB838B1B4CD45500962A6F /* MainViewController.m */,
				51CB83901B4CF4EC00962A6F /* HomeVC.h */,
				51CB83911B4CF4EC00962A6F /* HomeVC.m */,
				51CB83931B4CF4F800962A6F /* MessageVC.h */,
				51CB83941B4CF4F800962A6F /* MessageVC.m */,
				51CB83991B4CF53000962A6F /* FindVC.h */,
				51CB839A1B4CF53000962A6F /* FindVC.m */,
				51CB839C1B4CF55000962A6F /* MineVC.h */,
				51CB839D1B4CF55000962A6F /* MineVC.m */,
			);
			name = MainVC;
			path = Base/MainVC;
			sourceTree = "<group>";
		};
		51CB83A21B4D1E2100962A6F /* Images */ = {
			isa = PBXGroup;
			children = (
				51D2331E1B4FA23E00808E24 /* Images.xcassets */,
			);
			path = Images;
			sourceTree = "<group>";
		};
		51CF4AB81B4E0B9B001E1F70 /* WeiboVC */ = {
			isa = PBXGroup;
			children = (
				51CF4AB91B4E0BB0001E1F70 /* WeiboDetailVC.h */,
				51CF4ABA1B4E0BB0001E1F70 /* WeiboDetailVC.m */,
				51E6651C1B54F66B00453ACF /* WeiboListCell.h */,
				51E6651D1B54F66B00453ACF /* WeiboListCell.m */,
				51E6651F1B54FAC900453ACF /* WeiboListBtn.h */,
				51E665201B54FAC900453ACF /* WeiboListBtn.m */,
				51ED0DCB1B5663BA00827AE9 /* ReweetView.h */,
				51ED0DCC1B5663BA00827AE9 /* ReweetView.m */,
			);
			path = WeiboVC;
			sourceTree = "<group>";
		};
		51D99D1D1B58A19800E45EEB /* Screenshots */ = {
			isa = PBXGroup;
			children = (
				51D99D1E1B58A19800E45EEB /* 6%@H}DOA)FOSF2{F]AC%X$4.jpg */,
			);
			path = Screenshots;
			sourceTree = "<group>";
		};
		51E664FF1B54B03500453ACF /* MJExtension */ = {
			isa = PBXGroup;
			children = (
				51E665001B54B03500453ACF /* MJConst.h */,
				51E665011B54B03500453ACF /* MJConst.m */,
				51E665021B54B03500453ACF /* MJExtension.h */,
				51E665031B54B03500453ACF /* MJFoundation.h */,
				51E665041B54B03500453ACF /* MJFoundation.m */,
				51E665051B54B03500453ACF /* MJProperty.h */,
				51E665061B54B03500453ACF /* MJProperty.m */,
				51E665071B54B03500453ACF /* MJType.h */,
				51E665081B54B03500453ACF /* MJType.m */,
				51E665091B54B03500453ACF /* NSObject+MJCoding.h */,
				51E6650A1B54B03500453ACF /* NSObject+MJCoding.m */,
				51E6650B1B54B03500453ACF /* NSObject+MJKeyValue.h */,
				51E6650C1B54B03500453ACF /* NSObject+MJKeyValue.m */,
				51E6650D1B54B03500453ACF /* NSObject+MJProperty.h */,
				51E6650E1B54B03500453ACF /* NSObject+MJProperty.m */,
				51E6650F1B54B03500453ACF /* NSString+MJExtension.h */,
				51E665101B54B03500453ACF /* NSString+MJExtension.m */,
			);
			path = MJExtension;
			sourceTree = "<group>";
		};
		51E665221B54FB1800453ACF /* SDWebImage */ = {
			isa = PBXGroup;
			children = (
				51E665231B54FB1800453ACF /* MKAnnotationView+WebCache.h */,
				51E665241B54FB1800453ACF /* MKAnnotationView+WebCache.m */,
				51E665251B54FB1800453ACF /* NSData+ImageContentType.h */,
				51E665261B54FB1800453ACF /* NSData+ImageContentType.m */,
				51E665271B54FB1800453ACF /* SDImageCache.h */,
				51E665281B54FB1800453ACF /* SDImageCache.m */,
				51E665291B54FB1800453ACF /* SDWebImageCompat.h */,
				51E6652A1B54FB1800453ACF /* SDWebImageCompat.m */,
				51E6652B1B54FB1800453ACF /* SDWebImageDecoder.h */,
				51E6652C1B54FB1800453ACF /* SDWebImageDecoder.m */,
				51E6652D1B54FB1800453ACF /* SDWebImageDownloader.h */,
				51E6652E1B54FB1800453ACF /* SDWebImageDownloader.m */,
				51E6652F1B54FB1800453ACF /* SDWebImageDownloaderOperation.h */,
				51E665301B54FB1800453ACF /* SDWebImageDownloaderOperation.m */,
				51E665311B54FB1800453ACF /* SDWebImageManager.h */,
				51E665321B54FB1800453ACF /* SDWebImageManager.m */,
				51E665331B54FB1800453ACF /* SDWebImageOperation.h */,
				51E665341B54FB1800453ACF /* SDWebImagePrefetcher.h */,
				51E665351B54FB1800453ACF /* SDWebImagePrefetcher.m */,
				51E665361B54FB1800453ACF /* UIButton+WebCache.h */,
				51E665371B54FB1800453ACF /* UIButton+WebCache.m */,
				51E665381B54FB1800453ACF /* UIImage+GIF.h */,
				51E665391B54FB1800453ACF /* UIImage+GIF.m */,
				51E6653A1B54FB1800453ACF /* UIImage+MultiFormat.h */,
				51E6653B1B54FB1800453ACF /* UIImage+MultiFormat.m */,
				51E6653C1B54FB1800453ACF /* UIImage+WebP.h */,
				51E6653D1B54FB1800453ACF /* UIImage+WebP.m */,
				51E6653E1B54FB1800453ACF /* UIImageView+HighlightedWebCache.h */,
				51E6653F1B54FB1800453ACF /* UIImageView+HighlightedWebCache.m */,
				51E665401B54FB1800453ACF /* UIImageView+WebCache.h */,
				51E665411B54FB1800453ACF /* UIImageView+WebCache.m */,
				51E665421B54FB1800453ACF /* UIView+WebCacheOperation.h */,
				51E665431B54FB1800453ACF /* UIView+WebCacheOperation.m */,
			);
			path = SDWebImage;
			sourceTree = "<group>";
		};
		51E6656E1B55144000453ACF /* SNNavigationController */ = {
			isa = PBXGroup;
			children = (
				51E6656F1B55144000453ACF /* SNNavigationController.h */,
				51E665701B55144000453ACF /* SNNavigationController.m */,
			);
			path = SNNavigationController;
			sourceTree = "<group>";
		};
		51E665721B55145700453ACF /* CommonView */ = {
			isa = PBXGroup;
			children = (
				51E665731B5514BE00453ACF /* GridView.h */,
				51E665741B5514BE00453ACF /* GridView.m */,
			);
			path = CommonView;
			sourceTree = "<group>";
		};
/* End PBXGroup section */

/* Begin PBXNativeTarget section */
		112C598E18ED0DFC00AD2C8A /* SinaweiboDemo */ = {
			isa = PBXNativeTarget;
			buildConfigurationList = 112C59BB18ED0DFD00AD2C8A /* Build configuration list for PBXNativeTarget "SinaweiboDemo" */;
			buildPhases = (
				112C598B18ED0DFC00AD2C8A /* Sources */,
				112C598C18ED0DFC00AD2C8A /* Frameworks */,
				112C598D18ED0DFC00AD2C8A /* Resources */,
			);
			buildRules = (
			);
			dependencies = (
			);
			name = SinaweiboDemo;
			productName = SinaweiboDemo;
			productReference = 112C598F18ED0DFC00AD2C8A /* SinaweiboDemo.app */;
			productType = "com.apple.product-type.application";
		};
		112C59A918ED0DFC00AD2C8A /* SinaweiboDemoTests */ = {
			isa = PBXNativeTarget;
			buildConfigurationList = 112C59BE18ED0DFD00AD2C8A /* Build configuration list for PBXNativeTarget "SinaweiboDemoTests" */;
			buildPhases = (
				112C59A618ED0DFC00AD2C8A /* Sources */,
				112C59A718ED0DFC00AD2C8A /* Frameworks */,
				112C59A818ED0DFC00AD2C8A /* Resources */,
			);
			buildRules = (
			);
			dependencies = (
				112C59B018ED0DFD00AD2C8A /* PBXTargetDependency */,
			);
			name = SinaweiboDemoTests;
			productName = SinaweiboDemoTests;
			productReference = 112C59AA18ED0DFC00AD2C8A /* SinaweiboDemoTests.xctest */;
			productType = "com.apple.product-type.bundle.unit-test";
		};
/* End PBXNativeTarget section */

/* Begin PBXProject section */
		112C598718ED0DFC00AD2C8A /* Project object */ = {
			isa = PBXProject;
			attributes = {
				LastUpgradeCheck = 0500;
				ORGANIZATIONNAME = Simon;
				TargetAttributes = {
					112C59A918ED0DFC00AD2C8A = {
						TestTargetID = 112C598E18ED0DFC00AD2C8A;
					};
				};
			};
			buildConfigurationList = 112C598A18ED0DFC00AD2C8A /* Build configuration list for PBXProject "SinaweiboDemo" */;
			compatibilityVersion = "Xcode 3.2";
			developmentRegion = English;
			hasScannedForEncodings = 0;
			knownRegions = (
				en,
			);
			mainGroup = 112C598618ED0DFC00AD2C8A;
			productRefGroup = 112C599018ED0DFC00AD2C8A /* Products */;
			projectDirPath = "";
			projectRoot = "";
			targets = (
				112C598E18ED0DFC00AD2C8A /* SinaweiboDemo */,
				112C59A918ED0DFC00AD2C8A /* SinaweiboDemoTests */,
			);
		};
/* End PBXProject section */

/* Begin PBXResourcesBuildPhase section */
		112C598D18ED0DFC00AD2C8A /* Resources */ = {
			isa = PBXResourcesBuildPhase;
			buildActionMask = 2147483647;
			files = (
				112C599D18ED0DFC00AD2C8A /* InfoPlist.strings in Resources */,
				51D2331F1B4FA23E00808E24 /* Images.xcassets in Resources */,
				51D99D1F1B58A19800E45EEB /* 6%@H}DOA)FOSF2{F]AC%X$4.jpg in Resources */,
				51CB833B1B4CBA6B00962A6F /* MJRefresh.bundle in Resources */,
			);
			runOnlyForDeploymentPostprocessing = 0;
		};
		112C59A818ED0DFC00AD2C8A /* Resources */ = {
			isa = PBXResourcesBuildPhase;
			buildActionMask = 2147483647;
			files = (
				112C59B618ED0DFD00AD2C8A /* InfoPlist.strings in Resources */,
			);
			runOnlyForDeploymentPostprocessing = 0;
		};
/* End PBXResourcesBuildPhase section */

/* Begin PBXSourcesBuildPhase section */
		112C598B18ED0DFC00AD2C8A /* Sources */ = {
			isa = PBXSourcesBuildPhase;
			buildActionMask = 2147483647;
			files = (
				51CB836A1B4CBACE00962A6F /* UIImageView+Extend.m in Sources */,
				51CB83441B4CBA6B00962A6F /* UIScrollView+MJExtension.m in Sources */,
				51CB83231B4CBA6B00962A6F /* AFHTTPRequestOperation.m in Sources */,
				51CB83871B4CD41700962A6F /* BaseView.m in Sources */,
				51CB834C1B4CBA9700962A6F /* BaseService.m in Sources */,
				51E665131B54B03500453ACF /* MJProperty.m in Sources */,
				51CB83301B4CBA6B00962A6F /* UIImageView+AFNetworking.m in Sources */,
				51CB836C1B4CBACE00962A6F /* SystemSetting.m in Sources */,
				51E665181B54B03500453ACF /* NSString+MJExtension.m in Sources */,
				112C59A318ED0DFC00AD2C8A /* AppDelegate.m in Sources */,
				51CB83801B4CD16800962A6F /* BaseViewController.m in Sources */,
				51CB83361B4CBA6B00962A6F /* FMDatabasePool.m in Sources */,
				51E665481B54FB1800453ACF /* SDWebImageDecoder.m in Sources */,
				51CB83651B4CBACE00962A6F /* NSDictionary+Extend.m in Sources */,
				51E665141B54B03500453ACF /* MJType.m in Sources */,
				51CB837B1B4CBD4300962A6F /* BussinessManager.m in Sources */,
				51CB833C1B4CBA6B00962A6F /* MJRefreshComponent.m in Sources */,
				51CB83341B4CBA6B00962A6F /* FMDatabase.m in Sources */,
				51CB83241B4CBA6B00962A6F /* AFHTTPRequestOperationManager.m in Sources */,
				51E665171B54B03500453ACF /* NSObject+MJProperty.m in Sources */,
				51CB83671B4CBACE00962A6F /* NSMutableDictionary+Extend.m in Sources */,
				51CB83681B4CBACE00962A6F /* NSString+Expand.m in Sources */,
				51CB83391B4CBA6B00962A6F /* JSONKit.m in Sources */,
				51CB83311B4CBA6B00962A6F /* UIProgressView+AFNetworking.m in Sources */,
				51CB83661B4CBACE00962A6F /* NSMutableAttributedString+Extend.m in Sources */,
				51CB83261B4CBA6B00962A6F /* AFNetworkReachabilityManager.m in Sources */,
				51E6651B1B54BBD100453ACF /* User.m in Sources */,
				51CF4ABB1B4E0BB0001E1F70 /* WeiboDetailVC.m in Sources */,
				51CB83411B4CBA6B00962A6F /* MJRefreshHeader.m in Sources */,
				51CB83351B4CBA6B00962A6F /* FMDatabaseAdditions.m in Sources */,
				51CB834D1B4CBA9700962A6F /* URRequest.m in Sources */,
				51E665521B54FB1800453ACF /* UIImageView+WebCache.m in Sources */,
				51E665511B54FB1800453ACF /* UIImageView+HighlightedWebCache.m in Sources */,
				51CB832A1B4CBA6B00962A6F /* AFURLResponseSerialization.m in Sources */,
				51E665451B54FB1800453ACF /* NSData+ImageContentType.m in Sources */,
				51E6651E1B54F66B00453ACF /* WeiboListCell.m in Sources */,
				51CB83281B4CBA6B00962A6F /* AFURLConnectionOperation.m in Sources */,
				51CB83461B4CBA6B00962A6F /* UIView+MJExtension.m in Sources */,
				51CB832F1B4CBA6B00962A6F /* UIButton+AFNetworking.m in Sources */,
				51CB83921B4CF4EC00962A6F /* HomeVC.m in Sources */,
				51CB833A1B4CBA6B00962A6F /* MBProgressHUD.m in Sources */,
				51E665211B54FAC900453ACF /* WeiboListBtn.m in Sources */,
				51CB83431B4CBA6B00962A6F /* MJRefreshLegendHeader.m in Sources */,
				51E665501B54FB1800453ACF /* UIImage+WebP.m in Sources */,
				51CB83451B4CBA6B00962A6F /* UIScrollView+MJRefresh.m in Sources */,
				51CB832D1B4CBA6B00962A6F /* UIActivityIndicatorView+AFNetworking.m in Sources */,
				51E665161B54B03500453ACF /* NSObject+MJKeyValue.m in Sources */,
				51ED0DCD1B5663BA00827AE9 /* ReweetView.m in Sources */,
				51CB838F1B4CD46D00962A6F /* LoginViewController.m in Sources */,
				51CB836B1B4CBACE00962A6F /* UIView+Expand.m in Sources */,
				51CB83271B4CBA6B00962A6F /* AFSecurityPolicy.m in Sources */,
				51E665151B54B03500453ACF /* NSObject+MJCoding.m in Sources */,
				51E665461B54FB1800453ACF /* SDImageCache.m in Sources */,
				51CB83321B4CBA6B00962A6F /* UIRefreshControl+AFNetworking.m in Sources */,
				51E6654D1B54FB1800453ACF /* UIButton+WebCache.m in Sources */,
				51CB839E1B4CF55000962A6F /* MineVC.m in Sources */,
				51E6654E1B54FB1800453ACF /* UIImage+GIF.m in Sources */,
				51CB83331B4CBA6B00962A6F /* UIWebView+AFNetworking.m in Sources */,
				51CB83251B4CBA6B00962A6F /* AFHTTPSessionManager.m in Sources */,
				51E665751B5514BE00453ACF /* GridView.m in Sources */,
				51CB839B1B4CF53000962A6F /* FindVC.m in Sources */,
				51E665441B54FB1800453ACF /* MKAnnotationView+WebCache.m in Sources */,
				51E665711B55144100453ACF /* SNNavigationController.m in Sources */,
				51E6654C1B54FB1800453ACF /* SDWebImagePrefetcher.m in Sources */,
				51E665471B54FB1800453ACF /* SDWebImageCompat.m in Sources */,
				51CB83401B4CBA6B00962A6F /* MJRefreshGifHeader.m in Sources */,
				51E665121B54B03500453ACF /* MJFoundation.m in Sources */,
				51E665531B54FB1800453ACF /* UIView+WebCacheOperation.m in Sources */,
				51E6654F1B54FB1800453ACF /* UIImage+MultiFormat.m in Sources */,
				51CB833D1B4CBA6B00962A6F /* MJRefreshConst.m in Sources */,
				51E6654A1B54FB1800453ACF /* SDWebImageDownloaderOperation.m in Sources */,
				51CB83371B4CBA6B00962A6F /* FMDatabaseQueue.m in Sources */,
				51CB83751B4CBC2C00962A6F /* GTMBase64.m in Sources */,
				51E665491B54FB1800453ACF /* SDWebImageDownloader.m in Sources */,
				51CB832E1B4CBA6B00962A6F /* UIAlertView+AFNetworking.m in Sources */,
				51CB83951B4CF4F800962A6F /* MessageVC.m in Sources */,
				51CB83381B4CBA6B00962A6F /* FMResultSet.m in Sources */,
				51CB83291B4CBA6B00962A6F /* AFURLRequestSerialization.m in Sources */,
				51CB83A11B4D078000962A6F /* WeiboMannager.m in Sources */,
				51CB83AF1B4D28A800962A6F /* WeiboEntity.m in Sources */,
				51CB832C1B4CBA6B00962A6F /* AFNetworkActivityIndicatorManager.m in Sources */,
				51CB83421B4CBA6B00962A6F /* MJRefreshLegendFooter.m in Sources */,
				51CB832B1B4CBA6B00962A6F /* AFURLSessionManager.m in Sources */,
				51CB838C1B4CD45500962A6F /* MainViewController.m in Sources */,
				51CB83691B4CBACE00962A6F /* UIColor+Expand.m in Sources */,
				112C599F18ED0DFC00AD2C8A /* main.m in Sources */,
				51CB83701B4CBB1D00962A6F /* Reachability.m in Sources */,
				51CB833F1B4CBA6B00962A6F /* MJRefreshGifFooter.m in Sources */,
				51CB833E1B4CBA6B00962A6F /* MJRefreshFooter.m in Sources */,
				51E665111B54B03500453ACF /* MJConst.m in Sources */,
				51E6654B1B54FB1800453ACF /* SDWebImageManager.m in Sources */,
			);
			runOnlyForDeploymentPostprocessing = 0;
		};
		112C59A618ED0DFC00AD2C8A /* Sources */ = {
			isa = PBXSourcesBuildPhase;
			buildActionMask = 2147483647;
			files = (
				112C59B818ED0DFD00AD2C8A /* SinaweiboDemoTests.m in Sources */,
			);
			runOnlyForDeploymentPostprocessing = 0;
		};
/* End PBXSourcesBuildPhase section */

/* Begin PBXTargetDependency section */
		112C59B018ED0DFD00AD2C8A /* PBXTargetDependency */ = {
			isa = PBXTargetDependency;
			target = 112C598E18ED0DFC00AD2C8A /* SinaweiboDemo */;
			targetProxy = 112C59AF18ED0DFD00AD2C8A /* PBXContainerItemProxy */;
		};
/* End PBXTargetDependency section */

/* Begin PBXVariantGroup section */
		112C599B18ED0DFC00AD2C8A /* InfoPlist.strings */ = {
			isa = PBXVariantGroup;
			children = (
				112C599C18ED0DFC00AD2C8A /* en */,
			);
			name = InfoPlist.strings;
			sourceTree = "<group>";
		};
		112C59B418ED0DFD00AD2C8A /* InfoPlist.strings */ = {
			isa = PBXVariantGroup;
			children = (
				112C59B518ED0DFD00AD2C8A /* en */,
			);
			name = InfoPlist.strings;
			sourceTree = "<group>";
		};
/* End PBXVariantGroup section */

/* Begin XCBuildConfiguration section */
		112C59B918ED0DFD00AD2C8A /* Debug */ = {
			isa = XCBuildConfiguration;
			buildSettings = {
				ALWAYS_SEARCH_USER_PATHS = NO;
				ARCHS = "$(ARCHS_STANDARD_INCLUDING_64_BIT)";
				CLANG_CXX_LANGUAGE_STANDARD = "gnu++0x";
				CLANG_CXX_LIBRARY = "libc++";
				CLANG_ENABLE_MODULES = YES;
				CLANG_ENABLE_OBJC_ARC = YES;
				CLANG_WARN_BOOL_CONVERSION = YES;
				CLANG_WARN_CONSTANT_CONVERSION = YES;
				CLANG_WARN_DIRECT_OBJC_ISA_USAGE = YES_ERROR;
				CLANG_WARN_EMPTY_BODY = YES;
				CLANG_WARN_ENUM_CONVERSION = YES;
				CLANG_WARN_INT_CONVERSION = YES;
				CLANG_WARN_OBJC_ROOT_CLASS = YES_ERROR;
				CLANG_WARN__DUPLICATE_METHOD_MATCH = YES;
				"CODE_SIGN_IDENTITY[sdk=iphoneos*]" = "iPhone Developer";
				COPY_PHASE_STRIP = NO;
				GCC_C_LANGUAGE_STANDARD = gnu99;
				GCC_DYNAMIC_NO_PIC = NO;
				GCC_OPTIMIZATION_LEVEL = 0;
				GCC_PREPROCESSOR_DEFINITIONS = (
					"DEBUG=1",
					"$(inherited)",
				);
				GCC_SYMBOLS_PRIVATE_EXTERN = NO;
				GCC_WARN_64_TO_32_BIT_CONVERSION = YES;
				GCC_WARN_ABOUT_RETURN_TYPE = YES_ERROR;
				GCC_WARN_UNDECLARED_SELECTOR = YES;
				GCC_WARN_UNINITIALIZED_AUTOS = YES;
				GCC_WARN_UNUSED_FUNCTION = YES;
				GCC_WARN_UNUSED_VARIABLE = YES;
				IPHONEOS_DEPLOYMENT_TARGET = 7.0;
				ONLY_ACTIVE_ARCH = YES;
				SDKROOT = iphoneos;
				TARGETED_DEVICE_FAMILY = "1,2";
			};
			name = Debug;
		};
		112C59BA18ED0DFD00AD2C8A /* Release */ = {
			isa = XCBuildConfiguration;
			buildSettings = {
				ALWAYS_SEARCH_USER_PATHS = NO;
				ARCHS = "$(ARCHS_STANDARD_INCLUDING_64_BIT)";
				CLANG_CXX_LANGUAGE_STANDARD = "gnu++0x";
				CLANG_CXX_LIBRARY = "libc++";
				CLANG_ENABLE_MODULES = YES;
				CLANG_ENABLE_OBJC_ARC = YES;
				CLANG_WARN_BOOL_CONVERSION = YES;
				CLANG_WARN_CONSTANT_CONVERSION = YES;
				CLANG_WARN_DIRECT_OBJC_ISA_USAGE = YES_ERROR;
				CLANG_WARN_EMPTY_BODY = YES;
				CLANG_WARN_ENUM_CONVERSION = YES;
				CLANG_WARN_INT_CONVERSION = YES;
				CLANG_WARN_OBJC_ROOT_CLASS = YES_ERROR;
				CLANG_WARN__DUPLICATE_METHOD_MATCH = YES;
				"CODE_SIGN_IDENTITY[sdk=iphoneos*]" = "iPhone Developer";
				COPY_PHASE_STRIP = YES;
				ENABLE_NS_ASSERTIONS = NO;
				GCC_C_LANGUAGE_STANDARD = gnu99;
				GCC_WARN_64_TO_32_BIT_CONVERSION = YES;
				GCC_WARN_ABOUT_RETURN_TYPE = YES_ERROR;
				GCC_WARN_UNDECLARED_SELECTOR = YES;
				GCC_WARN_UNINITIALIZED_AUTOS = YES;
				GCC_WARN_UNUSED_FUNCTION = YES;
				GCC_WARN_UNUSED_VARIABLE = YES;
				IPHONEOS_DEPLOYMENT_TARGET = 7.0;
				SDKROOT = iphoneos;
				TARGETED_DEVICE_FAMILY = "1,2";
				VALIDATE_PRODUCT = YES;
			};
			name = Release;
		};
		112C59BC18ED0DFD00AD2C8A /* Debug */ = {
			isa = XCBuildConfiguration;
			buildSettings = {
				ASSETCATALOG_COMPILER_APPICON_NAME = AppIcon;
				ASSETCATALOG_COMPILER_LAUNCHIMAGE_NAME = LaunchImage;
				GCC_PRECOMPILE_PREFIX_HEADER = YES;
				GCC_PREFIX_HEADER = "SinaweiboDemo/SinaweiboDemo-Prefix.pch";
				INFOPLIST_FILE = "SinaweiboDemo/SinaweiboDemo-Info.plist";
				IPHONEOS_DEPLOYMENT_TARGET = 6.0;
				PRODUCT_NAME = "$(TARGET_NAME)";
				TARGETED_DEVICE_FAMILY = 1;
				WRAPPER_EXTENSION = app;
			};
			name = Debug;
		};
		112C59BD18ED0DFD00AD2C8A /* Release */ = {
			isa = XCBuildConfiguration;
			buildSettings = {
				ASSETCATALOG_COMPILER_APPICON_NAME = AppIcon;
				ASSETCATALOG_COMPILER_LAUNCHIMAGE_NAME = LaunchImage;
				GCC_PRECOMPILE_PREFIX_HEADER = YES;
				GCC_PREFIX_HEADER = "SinaweiboDemo/SinaweiboDemo-Prefix.pch";
				INFOPLIST_FILE = "SinaweiboDemo/SinaweiboDemo-Info.plist";
				IPHONEOS_DEPLOYMENT_TARGET = 6.0;
				PRODUCT_NAME = "$(TARGET_NAME)";
				TARGETED_DEVICE_FAMILY = 1;
				WRAPPER_EXTENSION = app;
			};
			name = Release;
		};
		112C59BF18ED0DFD00AD2C8A /* Debug */ = {
			isa = XCBuildConfiguration;
			buildSettings = {
				ARCHS = "$(ARCHS_STANDARD_INCLUDING_64_BIT)";
				BUNDLE_LOADER = "$(BUILT_PRODUCTS_DIR)/SinaweiboDemo.app/SinaweiboDemo";
				FRAMEWORK_SEARCH_PATHS = (
					"$(SDKROOT)/Developer/Library/Frameworks",
					"$(inherited)",
					"$(DEVELOPER_FRAMEWORKS_DIR)",
				);
				GCC_PRECOMPILE_PREFIX_HEADER = YES;
				GCC_PREFIX_HEADER = "SinaweiboDemo/SinaweiboDemo-Prefix.pch";
				GCC_PREPROCESSOR_DEFINITIONS = (
					"DEBUG=1",
					"$(inherited)",
				);
				INFOPLIST_FILE = "SinaweiboDemoTests/SinaweiboDemoTests-Info.plist";
				PRODUCT_NAME = "$(TARGET_NAME)";
				TEST_HOST = "$(BUNDLE_LOADER)";
				WRAPPER_EXTENSION = xctest;
			};
			name = Debug;
		};
		112C59C018ED0DFD00AD2C8A /* Release */ = {
			isa = XCBuildConfiguration;
			buildSettings = {
				ARCHS = "$(ARCHS_STANDARD_INCLUDING_64_BIT)";
				BUNDLE_LOADER = "$(BUILT_PRODUCTS_DIR)/SinaweiboDemo.app/SinaweiboDemo";
				FRAMEWORK_SEARCH_PATHS = (
					"$(SDKROOT)/Developer/Library/Frameworks",
					"$(inherited)",
					"$(DEVELOPER_FRAMEWORKS_DIR)",
				);
				GCC_PRECOMPILE_PREFIX_HEADER = YES;
				GCC_PREFIX_HEADER = "SinaweiboDemo/SinaweiboDemo-Prefix.pch";
				INFOPLIST_FILE = "SinaweiboDemoTests/SinaweiboDemoTests-Info.plist";
				PRODUCT_NAME = "$(TARGET_NAME)";
				TEST_HOST = "$(BUNDLE_LOADER)";
				WRAPPER_EXTENSION = xctest;
			};
			name = Release;
		};
/* End XCBuildConfiguration section */

/* Begin XCConfigurationList section */
		112C598A18ED0DFC00AD2C8A /* Build configuration list for PBXProject "SinaweiboDemo" */ = {
			isa = XCConfigurationList;
			buildConfigurations = (
				112C59B918ED0DFD00AD2C8A /* Debug */,
				112C59BA18ED0DFD00AD2C8A /* Release */,
			);
			defaultConfigurationIsVisible = 0;
			defaultConfigurationName = Release;
		};
		112C59BB18ED0DFD00AD2C8A /* Build configuration list for PBXNativeTarget "SinaweiboDemo" */ = {
			isa = XCConfigurationList;
			buildConfigurations = (
				112C59BC18ED0DFD00AD2C8A /* Debug */,
				112C59BD18ED0DFD00AD2C8A /* Release */,
			);
			defaultConfigurationIsVisible = 0;
			defaultConfigurationName = Release;
		};
		112C59BE18ED0DFD00AD2C8A /* Build configuration list for PBXNativeTarget "SinaweiboDemoTests" */ = {
			isa = XCConfigurationList;
			buildConfigurations = (
				112C59BF18ED0DFD00AD2C8A /* Debug */,
				112C59C018ED0DFD00AD2C8A /* Release */,
			);
			defaultConfigurationIsVisible = 0;
			defaultConfigurationName = Release;
		};
/* End XCConfigurationList section */
	};
	rootObject = 112C598718ED0DFC00AD2C8A /* Project object */;
}
